// !$*UTF8*$!
{
	archiveVersion = 1;
	classes = {
	};
	objectVersion = 55;
	objects = {

/* Begin PBXBuildFile section */
		5226DF6BA576A2D0E005E2E2 /* Pods_iOS.framework in Frameworks */ = {isa = PBXBuildFile; fileRef = AAA9361CB44436C44E9CE1BA /* Pods_iOS.framework */; };
		A804933527D8D3EC0005B922 /* CollectionViewCell.swift in Sources */ = {isa = PBXBuildFile; fileRef = A804933427D8D3EC0005B922 /* CollectionViewCell.swift */; };
		A806075327E09EE800160523 /* AppCoordinator.swift in Sources */ = {isa = PBXBuildFile; fileRef = A806075227E09EE800160523 /* AppCoordinator.swift */; };
		A806075627E0A19600160523 /* NavigationControllerCoordinator.swift in Sources */ = {isa = PBXBuildFile; fileRef = A806075527E0A19600160523 /* NavigationControllerCoordinator.swift */; };
		A80647A427D71E52007BD792 /* DataClass.swift in Sources */ = {isa = PBXBuildFile; fileRef = A80647A327D71E52007BD792 /* DataClass.swift */; };
		A80647A927D73905007BD792 /* MapClass.swift in Sources */ = {isa = PBXBuildFile; fileRef = A80647A827D73905007BD792 /* MapClass.swift */; };
		A80647AB27D776E8007BD792 /* Stepper.swift in Sources */ = {isa = PBXBuildFile; fileRef = A80647AA27D776E8007BD792 /* Stepper.swift */; };
		A809986427F2F68900D05821 /* AlamofireWebServices.swift in Sources */ = {isa = PBXBuildFile; fileRef = A809986327F2F68900D05821 /* AlamofireWebServices.swift */; };
		A809986627F31A0000D05821 /* WebService.swift in Sources */ = {isa = PBXBuildFile; fileRef = A809986527F31A0000D05821 /* WebService.swift */; };
		A80A77F327DB305300BBB9FD /* WebViewKit.swift in Sources */ = {isa = PBXBuildFile; fileRef = A80A77F227DB305300BBB9FD /* WebViewKit.swift */; };
		A83F3CD027F1B98D00D7B53C /* SingleUser.swift in Sources */ = {isa = PBXBuildFile; fileRef = A83F3CCF27F1B98D00D7B53C /* SingleUser.swift */; };
		A83F73EB27DF009E0055F05B /* TableViewCell.swift in Sources */ = {isa = PBXBuildFile; fileRef = A83F73EA27DF009E0055F05B /* TableViewCell.swift */; };
		A83F73ED27DF00D00055F05B /* CollectionViewHeaderCell.swift in Sources */ = {isa = PBXBuildFile; fileRef = A83F73EC27DF00D00055F05B /* CollectionViewHeaderCell.swift */; };
		A85016E927DA0DCD0020ED53 /* Pickers.swift in Sources */ = {isa = PBXBuildFile; fileRef = A85016E827DA0DCD0020ED53 /* Pickers.swift */; };
		A855C16F27D8857D008C33E1 /* CollectonView.swift in Sources */ = {isa = PBXBuildFile; fileRef = A855C16E27D8857D008C33E1 /* CollectonView.swift */; };
		A857543527DB485C008F073D /* demoPDF.pdf in Resources */ = {isa = PBXBuildFile; fileRef = A857543427DB485C008F073D /* demoPDF.pdf */; };
		A857543927DB4BA0008F073D /* demoHTML.html in Resources */ = {isa = PBXBuildFile; fileRef = A857543827DB4BA0008F073D /* demoHTML.html */; };
		A857543E27DB4C1D008F073D /* W3.CSS Template_files in Resources */ = {isa = PBXBuildFile; fileRef = A857543D27DB4C1D008F073D /* W3.CSS Template_files */; };
		A86504492806950300BA491F /* Architecture.storyboard in Resources */ = {isa = PBXBuildFile; fileRef = A86504482806950300BA491F /* Architecture.storyboard */; };
		A865044B2806952200BA491F /* Architecture.swift in Sources */ = {isa = PBXBuildFile; fileRef = A865044A2806952200BA491F /* Architecture.swift */; };
		A865044D2806954C00BA491F /* ArchitectureCoordinator.swift in Sources */ = {isa = PBXBuildFile; fileRef = A865044C2806954C00BA491F /* ArchitectureCoordinator.swift */; };
		A865045028069F9D00BA491F /* MVCArchitecture.storyboard in Resources */ = {isa = PBXBuildFile; fileRef = A865044F28069F9D00BA491F /* MVCArchitecture.storyboard */; };
		A86504522806A45600BA491F /* MVCController.swift in Sources */ = {isa = PBXBuildFile; fileRef = A86504512806A45600BA491F /* MVCController.swift */; };
		A86504542806A47500BA491F /* MVCModel.swift in Sources */ = {isa = PBXBuildFile; fileRef = A86504532806A47500BA491F /* MVCModel.swift */; };
		A865045A2806C4C700BA491F /* MVPArchitecture.storyboard in Resources */ = {isa = PBXBuildFile; fileRef = A86504592806C4C700BA491F /* MVPArchitecture.storyboard */; };
		A865045C2806C4FA00BA491F /* MVPArchitecture.swift in Sources */ = {isa = PBXBuildFile; fileRef = A865045B2806C4FA00BA491F /* MVPArchitecture.swift */; };
		A865045E2806C5D300BA491F /* MVPPresentor.swift in Sources */ = {isa = PBXBuildFile; fileRef = A865045D2806C5D300BA491F /* MVPPresentor.swift */; };
		A86504602806C5E300BA491F /* MVPModel.swift in Sources */ = {isa = PBXBuildFile; fileRef = A865045F2806C5E300BA491F /* MVPModel.swift */; };
		A868F36C27F175C300087B89 /* APIDataClass.swift in Sources */ = {isa = PBXBuildFile; fileRef = A868F36B27F175C300087B89 /* APIDataClass.swift */; };
		A8784F8E27CF79E800AF330D /* UIComponents.storyboard in Resources */ = {isa = PBXBuildFile; fileRef = A8784F8D27CF79E800AF330D /* UIComponents.storyboard */; };
		A87D78B227DF594B006D1F74 /* UINavigationController.storyboard in Resources */ = {isa = PBXBuildFile; fileRef = A87D78B127DF594B006D1F74 /* UINavigationController.storyboard */; };
		A87D78B427DF5A78006D1F74 /* NavigationController.swift in Sources */ = {isa = PBXBuildFile; fileRef = A87D78B327DF5A78006D1F74 /* NavigationController.swift */; };
		A87D78B627DF6236006D1F74 /* SecondViewController.swift in Sources */ = {isa = PBXBuildFile; fileRef = A87D78B527DF6236006D1F74 /* SecondViewController.swift */; };
		A87D78B827DF71C7006D1F74 /* AddCountryDetails.swift in Sources */ = {isa = PBXBuildFile; fileRef = A87D78B727DF71C7006D1F74 /* AddCountryDetails.swift */; };
		A888CB1127E20AA50023B9B6 /* StoryBoarded.swift in Sources */ = {isa = PBXBuildFile; fileRef = A888CB1027E20AA50023B9B6 /* StoryBoarded.swift */; };
		A89754E227D09CF9001ABB33 /* Practical1.swift in Sources */ = {isa = PBXBuildFile; fileRef = A89754E127D09CF9001ABB33 /* Practical1.swift */; };
		A8BFC77C27E1AB6A00F1E0EC /* ThirdViewController.swift in Sources */ = {isa = PBXBuildFile; fileRef = A8BFC77B27E1AB6A00F1E0EC /* ThirdViewController.swift */; };
		A8DC96A227EDCCC800B5B1C5 /* WebServicesCoordinator.swift in Sources */ = {isa = PBXBuildFile; fileRef = A8DC96A127EDCCC800B5B1C5 /* WebServicesCoordinator.swift */; };
		A8DC96A427EDCD0400B5B1C5 /* UserList.swift in Sources */ = {isa = PBXBuildFile; fileRef = A8DC96A327EDCD0400B5B1C5 /* UserList.swift */; };
		A8DC96A627EDCD1400B5B1C5 /* WebServices.storyboard in Resources */ = {isa = PBXBuildFile; fileRef = A8DC96A527EDCD1400B5B1C5 /* WebServices.storyboard */; };
		A8DC96A827EDDF9100B5B1C5 /* UserListTableCell.swift in Sources */ = {isa = PBXBuildFile; fileRef = A8DC96A727EDDF9100B5B1C5 /* UserListTableCell.swift */; };
		A8EE0ACB27D1CE3200FAE34E /* SignUpScreen.swift in Sources */ = {isa = PBXBuildFile; fileRef = A8EE0ACA27D1CE3200FAE34E /* SignUpScreen.swift */; };
		A8FFE5CF27C5530A0026A197 /* AppDelegate.swift in Sources */ = {isa = PBXBuildFile; fileRef = A8FFE5CE27C5530A0026A197 /* AppDelegate.swift */; };
		A8FFE5D127C5530A0026A197 /* SceneDelegate.swift in Sources */ = {isa = PBXBuildFile; fileRef = A8FFE5D027C5530A0026A197 /* SceneDelegate.swift */; };
		A8FFE5D327C5530A0026A197 /* ViewController.swift in Sources */ = {isa = PBXBuildFile; fileRef = A8FFE5D227C5530A0026A197 /* ViewController.swift */; };
		A8FFE5D627C5530A0026A197 /* Main.storyboard in Resources */ = {isa = PBXBuildFile; fileRef = A8FFE5D427C5530A0026A197 /* Main.storyboard */; };
		A8FFE5D827C5530B0026A197 /* Assets.xcassets in Resources */ = {isa = PBXBuildFile; fileRef = A8FFE5D727C5530B0026A197 /* Assets.xcassets */; };
		A8FFE5DB27C5530B0026A197 /* LaunchScreen.storyboard in Resources */ = {isa = PBXBuildFile; fileRef = A8FFE5D927C5530B0026A197 /* LaunchScreen.storyboard */; };
		A8FFE5E627C5530B0026A197 /* iOSTests.swift in Sources */ = {isa = PBXBuildFile; fileRef = A8FFE5E527C5530B0026A197 /* iOSTests.swift */; };
		A8FFE5F027C5530B0026A197 /* iOSUITests.swift in Sources */ = {isa = PBXBuildFile; fileRef = A8FFE5EF27C5530B0026A197 /* iOSUITests.swift */; };
		A8FFE5F227C5530B0026A197 /* iOSUITestsLaunchTests.swift in Sources */ = {isa = PBXBuildFile; fileRef = A8FFE5F127C5530B0026A197 /* iOSUITestsLaunchTests.swift */; };
		B5BAB7BBE1D1428E59C84013 /* Pods_iOS_iOSUITests.framework in Frameworks */ = {isa = PBXBuildFile; fileRef = 04E8EBD7D2007B16F270DCC7 /* Pods_iOS_iOSUITests.framework */; };
		BA79237EBEA9FB2B47C06229 /* Pods_iOSTests.framework in Frameworks */ = {isa = PBXBuildFile; fileRef = 1FFFA56D0C3F83B11F7A579C /* Pods_iOSTests.framework */; };
/* End PBXBuildFile section */

/* Begin PBXContainerItemProxy section */
		A8FFE5E227C5530B0026A197 /* PBXContainerItemProxy */ = {
			isa = PBXContainerItemProxy;
			containerPortal = A8FFE5C327C5530A0026A197 /* Project object */;
			proxyType = 1;
			remoteGlobalIDString = A8FFE5CA27C5530A0026A197;
			remoteInfo = iOS;
		};
		A8FFE5EC27C5530B0026A197 /* PBXContainerItemProxy */ = {
			isa = PBXContainerItemProxy;
			containerPortal = A8FFE5C327C5530A0026A197 /* Project object */;
			proxyType = 1;
			remoteGlobalIDString = A8FFE5CA27C5530A0026A197;
			remoteInfo = iOS;
		};
/* End PBXContainerItemProxy section */

/* Begin PBXFileReference section */
		04E8EBD7D2007B16F270DCC7 /* Pods_iOS_iOSUITests.framework */ = {isa = PBXFileReference; explicitFileType = wrapper.framework; includeInIndex = 0; path = Pods_iOS_iOSUITests.framework; sourceTree = BUILT_PRODUCTS_DIR; };
		1FFFA56D0C3F83B11F7A579C /* Pods_iOSTests.framework */ = {isa = PBXFileReference; explicitFileType = wrapper.framework; includeInIndex = 0; path = Pods_iOSTests.framework; sourceTree = BUILT_PRODUCTS_DIR; };
		87CF818520CA7485E6F881FF /* Pods-iOSTests.debug.xcconfig */ = {isa = PBXFileReference; includeInIndex = 1; lastKnownFileType = text.xcconfig; name = "Pods-iOSTests.debug.xcconfig"; path = "Target Support Files/Pods-iOSTests/Pods-iOSTests.debug.xcconfig"; sourceTree = "<group>"; };
		87D9508FB7C5C31ACA25F669 /* Pods-iOSTests.release.xcconfig */ = {isa = PBXFileReference; includeInIndex = 1; lastKnownFileType = text.xcconfig; name = "Pods-iOSTests.release.xcconfig"; path = "Target Support Files/Pods-iOSTests/Pods-iOSTests.release.xcconfig"; sourceTree = "<group>"; };
		8806F71E16471F00D0F3E6AD /* Pods-iOS-iOSUITests.debug.xcconfig */ = {isa = PBXFileReference; includeInIndex = 1; lastKnownFileType = text.xcconfig; name = "Pods-iOS-iOSUITests.debug.xcconfig"; path = "Target Support Files/Pods-iOS-iOSUITests/Pods-iOS-iOSUITests.debug.xcconfig"; sourceTree = "<group>"; };
		8D0B21D396111FD4B6EC638C /* Pods-iOS-iOSUITests.release.xcconfig */ = {isa = PBXFileReference; includeInIndex = 1; lastKnownFileType = text.xcconfig; name = "Pods-iOS-iOSUITests.release.xcconfig"; path = "Target Support Files/Pods-iOS-iOSUITests/Pods-iOS-iOSUITests.release.xcconfig"; sourceTree = "<group>"; };
		A804933427D8D3EC0005B922 /* CollectionViewCell.swift */ = {isa = PBXFileReference; lastKnownFileType = sourcecode.swift; path = CollectionViewCell.swift; sourceTree = "<group>"; };
		A806075227E09EE800160523 /* AppCoordinator.swift */ = {isa = PBXFileReference; lastKnownFileType = sourcecode.swift; path = AppCoordinator.swift; sourceTree = "<group>"; };
		A806075527E0A19600160523 /* NavigationControllerCoordinator.swift */ = {isa = PBXFileReference; lastKnownFileType = sourcecode.swift; path = NavigationControllerCoordinator.swift; sourceTree = "<group>"; };
		A80647A327D71E52007BD792 /* DataClass.swift */ = {isa = PBXFileReference; lastKnownFileType = sourcecode.swift; path = DataClass.swift; sourceTree = "<group>"; };
		A80647A827D73905007BD792 /* MapClass.swift */ = {isa = PBXFileReference; lastKnownFileType = sourcecode.swift; path = MapClass.swift; sourceTree = "<group>"; };
		A80647AA27D776E8007BD792 /* Stepper.swift */ = {isa = PBXFileReference; lastKnownFileType = sourcecode.swift; path = Stepper.swift; sourceTree = "<group>"; };
		A809986327F2F68900D05821 /* AlamofireWebServices.swift */ = {isa = PBXFileReference; lastKnownFileType = sourcecode.swift; path = AlamofireWebServices.swift; sourceTree = "<group>"; };
		A809986527F31A0000D05821 /* WebService.swift */ = {isa = PBXFileReference; lastKnownFileType = sourcecode.swift; path = WebService.swift; sourceTree = "<group>"; };
		A80A77F227DB305300BBB9FD /* WebViewKit.swift */ = {isa = PBXFileReference; lastKnownFileType = sourcecode.swift; path = WebViewKit.swift; sourceTree = "<group>"; };
		A83F3CCF27F1B98D00D7B53C /* SingleUser.swift */ = {isa = PBXFileReference; lastKnownFileType = sourcecode.swift; path = SingleUser.swift; sourceTree = "<group>"; };
		A83F73EA27DF009E0055F05B /* TableViewCell.swift */ = {isa = PBXFileReference; lastKnownFileType = sourcecode.swift; path = TableViewCell.swift; sourceTree = "<group>"; };
		A83F73EC27DF00D00055F05B /* CollectionViewHeaderCell.swift */ = {isa = PBXFileReference; lastKnownFileType = sourcecode.swift; path = CollectionViewHeaderCell.swift; sourceTree = "<group>"; };
		A85016E827DA0DCD0020ED53 /* Pickers.swift */ = {isa = PBXFileReference; lastKnownFileType = sourcecode.swift; path = Pickers.swift; sourceTree = "<group>"; };
		A855C16E27D8857D008C33E1 /* CollectonView.swift */ = {isa = PBXFileReference; lastKnownFileType = sourcecode.swift; path = CollectonView.swift; sourceTree = "<group>"; };
		A857543427DB485C008F073D /* demoPDF.pdf */ = {isa = PBXFileReference; lastKnownFileType = image.pdf; path = demoPDF.pdf; sourceTree = "<group>"; };
		A857543827DB4BA0008F073D /* demoHTML.html */ = {isa = PBXFileReference; fileEncoding = 4; lastKnownFileType = text.html; path = demoHTML.html; sourceTree = "<group>"; };
		A857543D27DB4C1D008F073D /* W3.CSS Template_files */ = {isa = PBXFileReference; lastKnownFileType = folder; path = "W3.CSS Template_files"; sourceTree = "<group>"; };
		A86504482806950300BA491F /* Architecture.storyboard */ = {isa = PBXFileReference; lastKnownFileType = file.storyboard; path = Architecture.storyboard; sourceTree = "<group>"; };
		A865044A2806952200BA491F /* Architecture.swift */ = {isa = PBXFileReference; lastKnownFileType = sourcecode.swift; path = Architecture.swift; sourceTree = "<group>"; };
		A865044C2806954C00BA491F /* ArchitectureCoordinator.swift */ = {isa = PBXFileReference; lastKnownFileType = sourcecode.swift; path = ArchitectureCoordinator.swift; sourceTree = "<group>"; };
		A865044F28069F9D00BA491F /* MVCArchitecture.storyboard */ = {isa = PBXFileReference; lastKnownFileType = file.storyboard; path = MVCArchitecture.storyboard; sourceTree = "<group>"; };
		A86504512806A45600BA491F /* MVCController.swift */ = {isa = PBXFileReference; lastKnownFileType = sourcecode.swift; path = MVCController.swift; sourceTree = "<group>"; };
		A86504532806A47500BA491F /* MVCModel.swift */ = {isa = PBXFileReference; lastKnownFileType = sourcecode.swift; path = MVCModel.swift; sourceTree = "<group>"; };
		A86504592806C4C700BA491F /* MVPArchitecture.storyboard */ = {isa = PBXFileReference; lastKnownFileType = file.storyboard; path = MVPArchitecture.storyboard; sourceTree = "<group>"; };
		A865045B2806C4FA00BA491F /* MVPArchitecture.swift */ = {isa = PBXFileReference; lastKnownFileType = sourcecode.swift; path = MVPArchitecture.swift; sourceTree = "<group>"; };
		A865045D2806C5D300BA491F /* MVPPresentor.swift */ = {isa = PBXFileReference; lastKnownFileType = sourcecode.swift; path = MVPPresentor.swift; sourceTree = "<group>"; };
		A865045F2806C5E300BA491F /* MVPModel.swift */ = {isa = PBXFileReference; lastKnownFileType = sourcecode.swift; path = MVPModel.swift; sourceTree = "<group>"; };
		A868F36B27F175C300087B89 /* APIDataClass.swift */ = {isa = PBXFileReference; lastKnownFileType = sourcecode.swift; path = APIDataClass.swift; sourceTree = "<group>"; };
		A8784F8D27CF79E800AF330D /* UIComponents.storyboard */ = {isa = PBXFileReference; lastKnownFileType = file.storyboard; path = UIComponents.storyboard; sourceTree = "<group>"; };
		A87D78B127DF594B006D1F74 /* UINavigationController.storyboard */ = {isa = PBXFileReference; lastKnownFileType = file.storyboard; path = UINavigationController.storyboard; sourceTree = "<group>"; };
		A87D78B327DF5A78006D1F74 /* NavigationController.swift */ = {isa = PBXFileReference; lastKnownFileType = sourcecode.swift; path = NavigationController.swift; sourceTree = "<group>"; };
		A87D78B527DF6236006D1F74 /* SecondViewController.swift */ = {isa = PBXFileReference; lastKnownFileType = sourcecode.swift; path = SecondViewController.swift; sourceTree = "<group>"; };
		A87D78B727DF71C7006D1F74 /* AddCountryDetails.swift */ = {isa = PBXFileReference; lastKnownFileType = sourcecode.swift; path = AddCountryDetails.swift; sourceTree = "<group>"; };
		A888CB1027E20AA50023B9B6 /* StoryBoarded.swift */ = {isa = PBXFileReference; lastKnownFileType = sourcecode.swift; path = StoryBoarded.swift; sourceTree = "<group>"; };
		A89754E127D09CF9001ABB33 /* Practical1.swift */ = {isa = PBXFileReference; lastKnownFileType = sourcecode.swift; path = Practical1.swift; sourceTree = "<group>"; };
		A8BFC77B27E1AB6A00F1E0EC /* ThirdViewController.swift */ = {isa = PBXFileReference; lastKnownFileType = sourcecode.swift; path = ThirdViewController.swift; sourceTree = "<group>"; };
		A8DC96A127EDCCC800B5B1C5 /* WebServicesCoordinator.swift */ = {isa = PBXFileReference; lastKnownFileType = sourcecode.swift; path = WebServicesCoordinator.swift; sourceTree = "<group>"; };
		A8DC96A327EDCD0400B5B1C5 /* UserList.swift */ = {isa = PBXFileReference; lastKnownFileType = sourcecode.swift; path = UserList.swift; sourceTree = "<group>"; };
		A8DC96A527EDCD1400B5B1C5 /* WebServices.storyboard */ = {isa = PBXFileReference; lastKnownFileType = file.storyboard; path = WebServices.storyboard; sourceTree = "<group>"; };
		A8DC96A727EDDF9100B5B1C5 /* UserListTableCell.swift */ = {isa = PBXFileReference; lastKnownFileType = sourcecode.swift; path = UserListTableCell.swift; sourceTree = "<group>"; };
		A8EE0ACA27D1CE3200FAE34E /* SignUpScreen.swift */ = {isa = PBXFileReference; lastKnownFileType = sourcecode.swift; path = SignUpScreen.swift; sourceTree = "<group>"; };
		A8FFE5CB27C5530A0026A197 /* iOS.app */ = {isa = PBXFileReference; explicitFileType = wrapper.application; includeInIndex = 0; path = iOS.app; sourceTree = BUILT_PRODUCTS_DIR; };
		A8FFE5CE27C5530A0026A197 /* AppDelegate.swift */ = {isa = PBXFileReference; lastKnownFileType = sourcecode.swift; path = AppDelegate.swift; sourceTree = "<group>"; };
		A8FFE5D027C5530A0026A197 /* SceneDelegate.swift */ = {isa = PBXFileReference; lastKnownFileType = sourcecode.swift; path = SceneDelegate.swift; sourceTree = "<group>"; };
		A8FFE5D227C5530A0026A197 /* ViewController.swift */ = {isa = PBXFileReference; lastKnownFileType = sourcecode.swift; path = ViewController.swift; sourceTree = "<group>"; };
		A8FFE5D527C5530A0026A197 /* Base */ = {isa = PBXFileReference; lastKnownFileType = file.storyboard; name = Base; path = Base.lproj/Main.storyboard; sourceTree = "<group>"; };
		A8FFE5D727C5530B0026A197 /* Assets.xcassets */ = {isa = PBXFileReference; lastKnownFileType = folder.assetcatalog; path = Assets.xcassets; sourceTree = "<group>"; };
		A8FFE5DA27C5530B0026A197 /* Base */ = {isa = PBXFileReference; lastKnownFileType = file.storyboard; name = Base; path = Base.lproj/LaunchScreen.storyboard; sourceTree = "<group>"; };
		A8FFE5DC27C5530B0026A197 /* Info.plist */ = {isa = PBXFileReference; lastKnownFileType = text.plist.xml; path = Info.plist; sourceTree = "<group>"; };
		A8FFE5E127C5530B0026A197 /* iOSTests.xctest */ = {isa = PBXFileReference; explicitFileType = wrapper.cfbundle; includeInIndex = 0; path = iOSTests.xctest; sourceTree = BUILT_PRODUCTS_DIR; };
		A8FFE5E527C5530B0026A197 /* iOSTests.swift */ = {isa = PBXFileReference; lastKnownFileType = sourcecode.swift; path = iOSTests.swift; sourceTree = "<group>"; };
		A8FFE5EB27C5530B0026A197 /* iOSUITests.xctest */ = {isa = PBXFileReference; explicitFileType = wrapper.cfbundle; includeInIndex = 0; path = iOSUITests.xctest; sourceTree = BUILT_PRODUCTS_DIR; };
		A8FFE5EF27C5530B0026A197 /* iOSUITests.swift */ = {isa = PBXFileReference; lastKnownFileType = sourcecode.swift; path = iOSUITests.swift; sourceTree = "<group>"; };
		A8FFE5F127C5530B0026A197 /* iOSUITestsLaunchTests.swift */ = {isa = PBXFileReference; lastKnownFileType = sourcecode.swift; path = iOSUITestsLaunchTests.swift; sourceTree = "<group>"; };
		AAA9361CB44436C44E9CE1BA /* Pods_iOS.framework */ = {isa = PBXFileReference; explicitFileType = wrapper.framework; includeInIndex = 0; path = Pods_iOS.framework; sourceTree = BUILT_PRODUCTS_DIR; };
		C9A1931CE88499B9780B7B8B /* Pods-iOS.debug.xcconfig */ = {isa = PBXFileReference; includeInIndex = 1; lastKnownFileType = text.xcconfig; name = "Pods-iOS.debug.xcconfig"; path = "Target Support Files/Pods-iOS/Pods-iOS.debug.xcconfig"; sourceTree = "<group>"; };
		CCFC82E9FC52D5DC724C1C21 /* Pods-iOS.release.xcconfig */ = {isa = PBXFileReference; includeInIndex = 1; lastKnownFileType = text.xcconfig; name = "Pods-iOS.release.xcconfig"; path = "Target Support Files/Pods-iOS/Pods-iOS.release.xcconfig"; sourceTree = "<group>"; };
/* End PBXFileReference section */

/* Begin PBXFrameworksBuildPhase section */
		A8FFE5C827C5530A0026A197 /* Frameworks */ = {
			isa = PBXFrameworksBuildPhase;
			buildActionMask = 2147483647;
			files = (
				5226DF6BA576A2D0E005E2E2 /* Pods_iOS.framework in Frameworks */,
			);
			runOnlyForDeploymentPostprocessing = 0;
		};
		A8FFE5DE27C5530B0026A197 /* Frameworks */ = {
			isa = PBXFrameworksBuildPhase;
			buildActionMask = 2147483647;
			files = (
				BA79237EBEA9FB2B47C06229 /* Pods_iOSTests.framework in Frameworks */,
			);
			runOnlyForDeploymentPostprocessing = 0;
		};
		A8FFE5E827C5530B0026A197 /* Frameworks */ = {
			isa = PBXFrameworksBuildPhase;
			buildActionMask = 2147483647;
			files = (
				B5BAB7BBE1D1428E59C84013 /* Pods_iOS_iOSUITests.framework in Frameworks */,
			);
			runOnlyForDeploymentPostprocessing = 0;
		};
/* End PBXFrameworksBuildPhase section */

/* Begin PBXGroup section */
		A804933327D8D3900005B922 /* CollectionView */ = {
			isa = PBXGroup;
			children = (
				A855C16E27D8857D008C33E1 /* CollectonView.swift */,
				A804933427D8D3EC0005B922 /* CollectionViewCell.swift */,
				A83F73EA27DF009E0055F05B /* TableViewCell.swift */,
				A83F73EC27DF00D00055F05B /* CollectionViewHeaderCell.swift */,
				A87D78B727DF71C7006D1F74 /* AddCountryDetails.swift */,
			);
			name = CollectionView;
			sourceTree = "<group>";
		};
		A806074E27E0723700160523 /* Autolayout */ = {
			isa = PBXGroup;
			children = (
				A8FFE5D227C5530A0026A197 /* ViewController.swift */,
				A8FFE5D427C5530A0026A197 /* Main.storyboard */,
			);
			path = Autolayout;
			sourceTree = "<group>";
		};
		A806074F27E09E5200160523 /* Coordinator */ = {
			isa = PBXGroup;
			children = (
				A806075227E09EE800160523 /* AppCoordinator.swift */,
				A888CB1027E20AA50023B9B6 /* StoryBoarded.swift */,
			);
			path = Coordinator;
			sourceTree = "<group>";
		};
		A80647A627D72616007BD792 /* UIComponent */ = {
			isa = PBXGroup;
			children = (
				A804933327D8D3900005B922 /* CollectionView */,
				A8784F8D27CF79E800AF330D /* UIComponents.storyboard */,
				A89754E127D09CF9001ABB33 /* Practical1.swift */,
				A8EE0ACA27D1CE3200FAE34E /* SignUpScreen.swift */,
				A80647A827D73905007BD792 /* MapClass.swift */,
				A80647AA27D776E8007BD792 /* Stepper.swift */,
				A85016E827DA0DCD0020ED53 /* Pickers.swift */,
				A80A77F227DB305300BBB9FD /* WebViewKit.swift */,
			);
			path = UIComponent;
			sourceTree = "<group>";
		};
		A80647A727D72D86007BD792 /* AppFiles */ = {
			isa = PBXGroup;
			children = (
				A857543C27DB4BEE008F073D /* demoFiles */,
				A8FFE5CE27C5530A0026A197 /* AppDelegate.swift */,
				A8FFE5D027C5530A0026A197 /* SceneDelegate.swift */,
				A8FFE5D727C5530B0026A197 /* Assets.xcassets */,
				A8FFE5D927C5530B0026A197 /* LaunchScreen.storyboard */,
				A8FFE5DC27C5530B0026A197 /* Info.plist */,
			);
			name = AppFiles;
			sourceTree = "<group>";
		};
		A857543C27DB4BEE008F073D /* demoFiles */ = {
			isa = PBXGroup;
			children = (
				A857543D27DB4C1D008F073D /* W3.CSS Template_files */,
				A857543427DB485C008F073D /* demoPDF.pdf */,
				A857543827DB4BA0008F073D /* demoHTML.html */,
			);
			path = demoFiles;
			sourceTree = "<group>";
		};
		A86504432806871F00BA491F /* Architecture */ = {
			isa = PBXGroup;
			children = (
				A865044E28069E1C00BA491F /* MainFiles */,
				A86504442806872A00BA491F /* MVC */,
				A86504552806BFF200BA491F /* MVP */,
			);
			path = Architecture;
			sourceTree = "<group>";
		};
		A86504442806872A00BA491F /* MVC */ = {
			isa = PBXGroup;
			children = (
				A8650445280687FC00BA491F /* Model */,
				A86504472806882300BA491F /* Controller */,
				A86504462806880700BA491F /* View */,
			);
			path = MVC;
			sourceTree = "<group>";
		};
		A8650445280687FC00BA491F /* Model */ = {
			isa = PBXGroup;
			children = (
				A86504532806A47500BA491F /* MVCModel.swift */,
			);
			path = Model;
			sourceTree = "<group>";
		};
		A86504462806880700BA491F /* View */ = {
			isa = PBXGroup;
			children = (
				A865044F28069F9D00BA491F /* MVCArchitecture.storyboard */,
			);
			path = View;
			sourceTree = "<group>";
		};
		A86504472806882300BA491F /* Controller */ = {
			isa = PBXGroup;
			children = (
				A86504512806A45600BA491F /* MVCController.swift */,
			);
			path = Controller;
			sourceTree = "<group>";
		};
		A865044E28069E1C00BA491F /* MainFiles */ = {
			isa = PBXGroup;
			children = (
				A86504482806950300BA491F /* Architecture.storyboard */,
				A865044A2806952200BA491F /* Architecture.swift */,
				A865044C2806954C00BA491F /* ArchitectureCoordinator.swift */,
			);
			path = MainFiles;
			sourceTree = "<group>";
		};
		A86504552806BFF200BA491F /* MVP */ = {
			isa = PBXGroup;
			children = (
				A86504562806C00500BA491F /* Model */,
				A86504582806C0EB00BA491F /* Presenter */,
				A86504572806C0DA00BA491F /* View */,
			);
			path = MVP;
			sourceTree = "<group>";
		};
		A86504562806C00500BA491F /* Model */ = {
			isa = PBXGroup;
			children = (
				A865045F2806C5E300BA491F /* MVPModel.swift */,
			);
			path = Model;
			sourceTree = "<group>";
		};
		A86504572806C0DA00BA491F /* View */ = {
			isa = PBXGroup;
			children = (
				A86504592806C4C700BA491F /* MVPArchitecture.storyboard */,
				A865045B2806C4FA00BA491F /* MVPArchitecture.swift */,
			);
			path = View;
			sourceTree = "<group>";
		};
		A86504582806C0EB00BA491F /* Presenter */ = {
			isa = PBXGroup;
			children = (
				A865045D2806C5D300BA491F /* MVPPresentor.swift */,
			);
			path = Presenter;
			sourceTree = "<group>";
		};
		A868F36A27F1757900087B89 /* DataClass */ = {
			isa = PBXGroup;
			children = (
				A80647A327D71E52007BD792 /* DataClass.swift */,
				A868F36B27F175C300087B89 /* APIDataClass.swift */,
			);
			path = DataClass;
			sourceTree = "<group>";
		};
		A87D78B027DF588F006D1F74 /* UINavigationController */ = {
			isa = PBXGroup;
			children = (
				A806075527E0A19600160523 /* NavigationControllerCoordinator.swift */,
				A87D78B127DF594B006D1F74 /* UINavigationController.storyboard */,
				A87D78B327DF5A78006D1F74 /* NavigationController.swift */,
				A87D78B527DF6236006D1F74 /* SecondViewController.swift */,
				A8BFC77B27E1AB6A00F1E0EC /* ThirdViewController.swift */,
			);
			name = UINavigationController;
			sourceTree = "<group>";
		};
		A8DC96A027EDCC1F00B5B1C5 /* Web Services */ = {
			isa = PBXGroup;
			children = (
				A8DC96A927EDE09F00B5B1C5 /* UserList */,
				A8DC96A527EDCD1400B5B1C5 /* WebServices.storyboard */,
				A809986527F31A0000D05821 /* WebService.swift */,
				A83F3CCF27F1B98D00D7B53C /* SingleUser.swift */,
				A8DC96A127EDCCC800B5B1C5 /* WebServicesCoordinator.swift */,
				A809986327F2F68900D05821 /* AlamofireWebServices.swift */,
			);
			path = "Web Services";
			sourceTree = "<group>";
		};
		A8DC96A927EDE09F00B5B1C5 /* UserList */ = {
			isa = PBXGroup;
			children = (
				A8DC96A327EDCD0400B5B1C5 /* UserList.swift */,
				A8DC96A727EDDF9100B5B1C5 /* UserListTableCell.swift */,
			);
			path = UserList;
			sourceTree = "<group>";
		};
		A8FFE5C227C5530A0026A197 = {
			isa = PBXGroup;
			children = (
				A8FFE5CD27C5530A0026A197 /* iOS */,
				A8FFE5E427C5530B0026A197 /* iOSTests */,
				A8FFE5EE27C5530B0026A197 /* iOSUITests */,
				A8FFE5CC27C5530A0026A197 /* Products */,
				DF07182742109D240F443FBB /* Pods */,
				B8DCED1BC9FB497B408CDF35 /* Frameworks */,
			);
			sourceTree = "<group>";
		};
		A8FFE5CC27C5530A0026A197 /* Products */ = {
			isa = PBXGroup;
			children = (
				A8FFE5CB27C5530A0026A197 /* iOS.app */,
				A8FFE5E127C5530B0026A197 /* iOSTests.xctest */,
				A8FFE5EB27C5530B0026A197 /* iOSUITests.xctest */,
			);
			name = Products;
			sourceTree = "<group>";
		};
		A8FFE5CD27C5530A0026A197 /* iOS */ = {
			isa = PBXGroup;
			children = (
				A86504432806871F00BA491F /* Architecture */,
				A80647A727D72D86007BD792 /* AppFiles */,
				A806074E27E0723700160523 /* Autolayout */,
				A80647A627D72616007BD792 /* UIComponent */,
				A87D78B027DF588F006D1F74 /* UINavigationController */,
				A8DC96A027EDCC1F00B5B1C5 /* Web Services */,
				A806074F27E09E5200160523 /* Coordinator */,
				A868F36A27F1757900087B89 /* DataClass */,
			);
			path = iOS;
			sourceTree = "<group>";
		};
		A8FFE5E427C5530B0026A197 /* iOSTests */ = {
			isa = PBXGroup;
			children = (
				A8FFE5E527C5530B0026A197 /* iOSTests.swift */,
			);
			path = iOSTests;
			sourceTree = "<group>";
		};
		A8FFE5EE27C5530B0026A197 /* iOSUITests */ = {
			isa = PBXGroup;
			children = (
				A8FFE5EF27C5530B0026A197 /* iOSUITests.swift */,
				A8FFE5F127C5530B0026A197 /* iOSUITestsLaunchTests.swift */,
			);
			path = iOSUITests;
			sourceTree = "<group>";
		};
		B8DCED1BC9FB497B408CDF35 /* Frameworks */ = {
			isa = PBXGroup;
			children = (
				AAA9361CB44436C44E9CE1BA /* Pods_iOS.framework */,
				04E8EBD7D2007B16F270DCC7 /* Pods_iOS_iOSUITests.framework */,
				1FFFA56D0C3F83B11F7A579C /* Pods_iOSTests.framework */,
			);
			name = Frameworks;
			sourceTree = "<group>";
		};
		DF07182742109D240F443FBB /* Pods */ = {
			isa = PBXGroup;
			children = (
				C9A1931CE88499B9780B7B8B /* Pods-iOS.debug.xcconfig */,
				CCFC82E9FC52D5DC724C1C21 /* Pods-iOS.release.xcconfig */,
				8806F71E16471F00D0F3E6AD /* Pods-iOS-iOSUITests.debug.xcconfig */,
				8D0B21D396111FD4B6EC638C /* Pods-iOS-iOSUITests.release.xcconfig */,
				87CF818520CA7485E6F881FF /* Pods-iOSTests.debug.xcconfig */,
				87D9508FB7C5C31ACA25F669 /* Pods-iOSTests.release.xcconfig */,
			);
			path = Pods;
			sourceTree = "<group>";
		};
/* End PBXGroup section */

/* Begin PBXNativeTarget section */
		A8FFE5CA27C5530A0026A197 /* iOS */ = {
			isa = PBXNativeTarget;
			buildConfigurationList = A8FFE5F527C5530B0026A197 /* Build configuration list for PBXNativeTarget "iOS" */;
			buildPhases = (
				8DB0E389B795E48E4972B5F5 /* [CP] Check Pods Manifest.lock */,
				A8FFE5C727C5530A0026A197 /* Sources */,
				A8FFE5C827C5530A0026A197 /* Frameworks */,
				A8FFE5C927C5530A0026A197 /* Resources */,
				15AE5FF1C8FEB2935563226A /* [CP] Embed Pods Frameworks */,
			);
			buildRules = (
			);
			dependencies = (
			);
			name = iOS;
			productName = iOS;
			productReference = A8FFE5CB27C5530A0026A197 /* iOS.app */;
			productType = "com.apple.product-type.application";
		};
		A8FFE5E027C5530B0026A197 /* iOSTests */ = {
			isa = PBXNativeTarget;
			buildConfigurationList = A8FFE5F827C5530B0026A197 /* Build configuration list for PBXNativeTarget "iOSTests" */;
			buildPhases = (
				214779A706C20E1753D3BEC6 /* [CP] Check Pods Manifest.lock */,
				A8FFE5DD27C5530B0026A197 /* Sources */,
				A8FFE5DE27C5530B0026A197 /* Frameworks */,
				A8FFE5DF27C5530B0026A197 /* Resources */,
			);
			buildRules = (
			);
			dependencies = (
				A8FFE5E327C5530B0026A197 /* PBXTargetDependency */,
			);
			name = iOSTests;
			productName = iOSTests;
			productReference = A8FFE5E127C5530B0026A197 /* iOSTests.xctest */;
			productType = "com.apple.product-type.bundle.unit-test";
		};
		A8FFE5EA27C5530B0026A197 /* iOSUITests */ = {
			isa = PBXNativeTarget;
			buildConfigurationList = A8FFE5FB27C5530B0026A197 /* Build configuration list for PBXNativeTarget "iOSUITests" */;
			buildPhases = (
				AF88693C19BC17C38065CA1F /* [CP] Check Pods Manifest.lock */,
				A8FFE5E727C5530B0026A197 /* Sources */,
				A8FFE5E827C5530B0026A197 /* Frameworks */,
				A8FFE5E927C5530B0026A197 /* Resources */,
				69A31EA8048B89B3AEFE1AB3 /* [CP] Embed Pods Frameworks */,
			);
			buildRules = (
			);
			dependencies = (
				A8FFE5ED27C5530B0026A197 /* PBXTargetDependency */,
			);
			name = iOSUITests;
			productName = iOSUITests;
			productReference = A8FFE5EB27C5530B0026A197 /* iOSUITests.xctest */;
			productType = "com.apple.product-type.bundle.ui-testing";
		};
/* End PBXNativeTarget section */

/* Begin PBXProject section */
		A8FFE5C327C5530A0026A197 /* Project object */ = {
			isa = PBXProject;
			attributes = {
				BuildIndependentTargetsInParallel = 1;
				LastSwiftUpdateCheck = 1310;
				LastUpgradeCheck = 1310;
				TargetAttributes = {
					A8FFE5CA27C5530A0026A197 = {
						CreatedOnToolsVersion = 13.1;
					};
					A8FFE5E027C5530B0026A197 = {
						CreatedOnToolsVersion = 13.1;
						TestTargetID = A8FFE5CA27C5530A0026A197;
					};
					A8FFE5EA27C5530B0026A197 = {
						CreatedOnToolsVersion = 13.1;
						TestTargetID = A8FFE5CA27C5530A0026A197;
					};
				};
			};
			buildConfigurationList = A8FFE5C627C5530A0026A197 /* Build configuration list for PBXProject "iOS" */;
			compatibilityVersion = "Xcode 13.0";
			developmentRegion = en;
			hasScannedForEncodings = 0;
			knownRegions = (
				en,
				Base,
			);
			mainGroup = A8FFE5C227C5530A0026A197;
			productRefGroup = A8FFE5CC27C5530A0026A197 /* Products */;
			projectDirPath = "";
			projectRoot = "";
			targets = (
				A8FFE5CA27C5530A0026A197 /* iOS */,
				A8FFE5E027C5530B0026A197 /* iOSTests */,
				A8FFE5EA27C5530B0026A197 /* iOSUITests */,
			);
		};
/* End PBXProject section */

/* Begin PBXResourcesBuildPhase section */
		A8FFE5C927C5530A0026A197 /* Resources */ = {
			isa = PBXResourcesBuildPhase;
			buildActionMask = 2147483647;
			files = (
				A8784F8E27CF79E800AF330D /* UIComponents.storyboard in Resources */,
				A8DC96A627EDCD1400B5B1C5 /* WebServices.storyboard in Resources */,
				A8FFE5DB27C5530B0026A197 /* LaunchScreen.storyboard in Resources */,
				A865045A2806C4C700BA491F /* MVPArchitecture.storyboard in Resources */,
				A86504492806950300BA491F /* Architecture.storyboard in Resources */,
				A857543927DB4BA0008F073D /* demoHTML.html in Resources */,
				A857543E27DB4C1D008F073D /* W3.CSS Template_files in Resources */,
				A865045028069F9D00BA491F /* MVCArchitecture.storyboard in Resources */,
				A857543527DB485C008F073D /* demoPDF.pdf in Resources */,
				A8FFE5D827C5530B0026A197 /* Assets.xcassets in Resources */,
				A87D78B227DF594B006D1F74 /* UINavigationController.storyboard in Resources */,
				A8FFE5D627C5530A0026A197 /* Main.storyboard in Resources */,
			);
			runOnlyForDeploymentPostprocessing = 0;
		};
		A8FFE5DF27C5530B0026A197 /* Resources */ = {
			isa = PBXResourcesBuildPhase;
			buildActionMask = 2147483647;
			files = (
			);
			runOnlyForDeploymentPostprocessing = 0;
		};
		A8FFE5E927C5530B0026A197 /* Resources */ = {
			isa = PBXResourcesBuildPhase;
			buildActionMask = 2147483647;
			files = (
			);
			runOnlyForDeploymentPostprocessing = 0;
		};
/* End PBXResourcesBuildPhase section */

/* Begin PBXShellScriptBuildPhase section */
		15AE5FF1C8FEB2935563226A /* [CP] Embed Pods Frameworks */ = {
			isa = PBXShellScriptBuildPhase;
			buildActionMask = 2147483647;
			files = (
			);
			inputFileListPaths = (
				"${PODS_ROOT}/Target Support Files/Pods-iOS/Pods-iOS-frameworks-${CONFIGURATION}-input-files.xcfilelist",
			);
			name = "[CP] Embed Pods Frameworks";
			outputFileListPaths = (
				"${PODS_ROOT}/Target Support Files/Pods-iOS/Pods-iOS-frameworks-${CONFIGURATION}-output-files.xcfilelist",
			);
			runOnlyForDeploymentPostprocessing = 0;
			shellPath = /bin/sh;
			shellScript = "\"${PODS_ROOT}/Target Support Files/Pods-iOS/Pods-iOS-frameworks.sh\"\n";
			showEnvVarsInLog = 0;
		};
		214779A706C20E1753D3BEC6 /* [CP] Check Pods Manifest.lock */ = {
			isa = PBXShellScriptBuildPhase;
			buildActionMask = 2147483647;
			files = (
			);
			inputFileListPaths = (
			);
			inputPaths = (
				"${PODS_PODFILE_DIR_PATH}/Podfile.lock",
				"${PODS_ROOT}/Manifest.lock",
			);
			name = "[CP] Check Pods Manifest.lock";
			outputFileListPaths = (
			);
			outputPaths = (
				"$(DERIVED_FILE_DIR)/Pods-iOSTests-checkManifestLockResult.txt",
			);
			runOnlyForDeploymentPostprocessing = 0;
			shellPath = /bin/sh;
			shellScript = "diff \"${PODS_PODFILE_DIR_PATH}/Podfile.lock\" \"${PODS_ROOT}/Manifest.lock\" > /dev/null\nif [ $? != 0 ] ; then\n    # print error to STDERR\n    echo \"error: The sandbox is not in sync with the Podfile.lock. Run 'pod install' or update your CocoaPods installation.\" >&2\n    exit 1\nfi\n# This output is used by Xcode 'outputs' to avoid re-running this script phase.\necho \"SUCCESS\" > \"${SCRIPT_OUTPUT_FILE_0}\"\n";
			showEnvVarsInLog = 0;
		};
		69A31EA8048B89B3AEFE1AB3 /* [CP] Embed Pods Frameworks */ = {
			isa = PBXShellScriptBuildPhase;
			buildActionMask = 2147483647;
			files = (
			);
			inputFileListPaths = (
				"${PODS_ROOT}/Target Support Files/Pods-iOS-iOSUITests/Pods-iOS-iOSUITests-frameworks-${CONFIGURATION}-input-files.xcfilelist",
			);
			name = "[CP] Embed Pods Frameworks";
			outputFileListPaths = (
				"${PODS_ROOT}/Target Support Files/Pods-iOS-iOSUITests/Pods-iOS-iOSUITests-frameworks-${CONFIGURATION}-output-files.xcfilelist",
			);
			runOnlyForDeploymentPostprocessing = 0;
			shellPath = /bin/sh;
			shellScript = "\"${PODS_ROOT}/Target Support Files/Pods-iOS-iOSUITests/Pods-iOS-iOSUITests-frameworks.sh\"\n";
			showEnvVarsInLog = 0;
		};
		8DB0E389B795E48E4972B5F5 /* [CP] Check Pods Manifest.lock */ = {
			isa = PBXShellScriptBuildPhase;
			buildActionMask = 2147483647;
			files = (
			);
			inputFileListPaths = (
			);
			inputPaths = (
				"${PODS_PODFILE_DIR_PATH}/Podfile.lock",
				"${PODS_ROOT}/Manifest.lock",
			);
			name = "[CP] Check Pods Manifest.lock";
			outputFileListPaths = (
			);
			outputPaths = (
				"$(DERIVED_FILE_DIR)/Pods-iOS-checkManifestLockResult.txt",
			);
			runOnlyForDeploymentPostprocessing = 0;
			shellPath = /bin/sh;
			shellScript = "diff \"${PODS_PODFILE_DIR_PATH}/Podfile.lock\" \"${PODS_ROOT}/Manifest.lock\" > /dev/null\nif [ $? != 0 ] ; then\n    # print error to STDERR\n    echo \"error: The sandbox is not in sync with the Podfile.lock. Run 'pod install' or update your CocoaPods installation.\" >&2\n    exit 1\nfi\n# This output is used by Xcode 'outputs' to avoid re-running this script phase.\necho \"SUCCESS\" > \"${SCRIPT_OUTPUT_FILE_0}\"\n";
			showEnvVarsInLog = 0;
		};
		AF88693C19BC17C38065CA1F /* [CP] Check Pods Manifest.lock */ = {
			isa = PBXShellScriptBuildPhase;
			buildActionMask = 2147483647;
			files = (
			);
			inputFileListPaths = (
			);
			inputPaths = (
				"${PODS_PODFILE_DIR_PATH}/Podfile.lock",
				"${PODS_ROOT}/Manifest.lock",
			);
			name = "[CP] Check Pods Manifest.lock";
			outputFileListPaths = (
			);
			outputPaths = (
				"$(DERIVED_FILE_DIR)/Pods-iOS-iOSUITests-checkManifestLockResult.txt",
			);
			runOnlyForDeploymentPostprocessing = 0;
			shellPath = /bin/sh;
			shellScript = "diff \"${PODS_PODFILE_DIR_PATH}/Podfile.lock\" \"${PODS_ROOT}/Manifest.lock\" > /dev/null\nif [ $? != 0 ] ; then\n    # print error to STDERR\n    echo \"error: The sandbox is not in sync with the Podfile.lock. Run 'pod install' or update your CocoaPods installation.\" >&2\n    exit 1\nfi\n# This output is used by Xcode 'outputs' to avoid re-running this script phase.\necho \"SUCCESS\" > \"${SCRIPT_OUTPUT_FILE_0}\"\n";
			showEnvVarsInLog = 0;
		};
/* End PBXShellScriptBuildPhase section */

/* Begin PBXSourcesBuildPhase section */
		A8FFE5C727C5530A0026A197 /* Sources */ = {
			isa = PBXSourcesBuildPhase;
			buildActionMask = 2147483647;
			files = (
				A86504542806A47500BA491F /* MVCModel.swift in Sources */,
				A87D78B627DF6236006D1F74 /* SecondViewController.swift in Sources */,
				A865044D2806954C00BA491F /* ArchitectureCoordinator.swift in Sources */,
				A806075627E0A19600160523 /* NavigationControllerCoordinator.swift in Sources */,
				A809986627F31A0000D05821 /* WebService.swift in Sources */,
				A87D78B827DF71C7006D1F74 /* AddCountryDetails.swift in Sources */,
				A8DC96A227EDCCC800B5B1C5 /* WebServicesCoordinator.swift in Sources */,
				A809986427F2F68900D05821 /* AlamofireWebServices.swift in Sources */,
				A83F73EB27DF009E0055F05B /* TableViewCell.swift in Sources */,
				A8DC96A827EDDF9100B5B1C5 /* UserListTableCell.swift in Sources */,
				A8EE0ACB27D1CE3200FAE34E /* SignUpScreen.swift in Sources */,
				A8DC96A427EDCD0400B5B1C5 /* UserList.swift in Sources */,
				A83F3CD027F1B98D00D7B53C /* SingleUser.swift in Sources */,
				A804933527D8D3EC0005B922 /* CollectionViewCell.swift in Sources */,
				A83F73ED27DF00D00055F05B /* CollectionViewHeaderCell.swift in Sources */,
				A855C16F27D8857D008C33E1 /* CollectonView.swift in Sources */,
				A80647A427D71E52007BD792 /* DataClass.swift in Sources */,
				A888CB1127E20AA50023B9B6 /* StoryBoarded.swift in Sources */,
				A8BFC77C27E1AB6A00F1E0EC /* ThirdViewController.swift in Sources */,
				A85016E927DA0DCD0020ED53 /* Pickers.swift in Sources */,
				A865045C2806C4FA00BA491F /* MVPArchitecture.swift in Sources */,
				A87D78B427DF5A78006D1F74 /* NavigationController.swift in Sources */,
				A80A77F327DB305300BBB9FD /* WebViewKit.swift in Sources */,
				A865044B2806952200BA491F /* Architecture.swift in Sources */,
				A80647A927D73905007BD792 /* MapClass.swift in Sources */,
				A8FFE5D327C5530A0026A197 /* ViewController.swift in Sources */,
				A89754E227D09CF9001ABB33 /* Practical1.swift in Sources */,
				A86504602806C5E300BA491F /* MVPModel.swift in Sources */,
				A806075327E09EE800160523 /* AppCoordinator.swift in Sources */,
				A80647AB27D776E8007BD792 /* Stepper.swift in Sources */,
				A8FFE5CF27C5530A0026A197 /* AppDelegate.swift in Sources */,
				A86504522806A45600BA491F /* MVCController.swift in Sources */,
				A8FFE5D127C5530A0026A197 /* SceneDelegate.swift in Sources */,
				A865045E2806C5D300BA491F /* MVPPresentor.swift in Sources */,
				A868F36C27F175C300087B89 /* APIDataClass.swift in Sources */,
			);
			runOnlyForDeploymentPostprocessing = 0;
		};
		A8FFE5DD27C5530B0026A197 /* Sources */ = {
			isa = PBXSourcesBuildPhase;
			buildActionMask = 2147483647;
			files = (
				A8FFE5E627C5530B0026A197 /* iOSTests.swift in Sources */,
			);
			runOnlyForDeploymentPostprocessing = 0;
		};
		A8FFE5E727C5530B0026A197 /* Sources */ = {
			isa = PBXSourcesBuildPhase;
			buildActionMask = 2147483647;
			files = (
				A8FFE5F227C5530B0026A197 /* iOSUITestsLaunchTests.swift in Sources */,
				A8FFE5F027C5530B0026A197 /* iOSUITests.swift in Sources */,
			);
			runOnlyForDeploymentPostprocessing = 0;
		};
/* End PBXSourcesBuildPhase section */

/* Begin PBXTargetDependency section */
		A8FFE5E327C5530B0026A197 /* PBXTargetDependency */ = {
			isa = PBXTargetDependency;
			target = A8FFE5CA27C5530A0026A197 /* iOS */;
			targetProxy = A8FFE5E227C5530B0026A197 /* PBXContainerItemProxy */;
		};
		A8FFE5ED27C5530B0026A197 /* PBXTargetDependency */ = {
			isa = PBXTargetDependency;
			target = A8FFE5CA27C5530A0026A197 /* iOS */;
			targetProxy = A8FFE5EC27C5530B0026A197 /* PBXContainerItemProxy */;
		};
/* End PBXTargetDependency section */

/* Begin PBXVariantGroup section */
		A8FFE5D427C5530A0026A197 /* Main.storyboard */ = {
			isa = PBXVariantGroup;
			children = (
				A8FFE5D527C5530A0026A197 /* Base */,
			);
			name = Main.storyboard;
			sourceTree = "<group>";
		};
		A8FFE5D927C5530B0026A197 /* LaunchScreen.storyboard */ = {
			isa = PBXVariantGroup;
			children = (
				A8FFE5DA27C5530B0026A197 /* Base */,
			);
			name = LaunchScreen.storyboard;
			sourceTree = "<group>";
		};
/* End PBXVariantGroup section */

/* Begin XCBuildConfiguration section */
		A8FFE5F327C5530B0026A197 /* Debug */ = {
			isa = XCBuildConfiguration;
			buildSettings = {
				ALWAYS_SEARCH_USER_PATHS = NO;
				CLANG_ANALYZER_NONNULL = YES;
				CLANG_ANALYZER_NUMBER_OBJECT_CONVERSION = YES_AGGRESSIVE;
				CLANG_CXX_LANGUAGE_STANDARD = "gnu++17";
				CLANG_CXX_LIBRARY = "libc++";
				CLANG_ENABLE_MODULES = YES;
				CLANG_ENABLE_OBJC_ARC = YES;
				CLANG_ENABLE_OBJC_WEAK = YES;
				CLANG_WARN_BLOCK_CAPTURE_AUTORELEASING = YES;
				CLANG_WARN_BOOL_CONVERSION = YES;
				CLANG_WARN_COMMA = YES;
				CLANG_WARN_CONSTANT_CONVERSION = YES;
				CLANG_WARN_DEPRECATED_OBJC_IMPLEMENTATIONS = YES;
				CLANG_WARN_DIRECT_OBJC_ISA_USAGE = YES_ERROR;
				CLANG_WARN_DOCUMENTATION_COMMENTS = YES;
				CLANG_WARN_EMPTY_BODY = YES;
				CLANG_WARN_ENUM_CONVERSION = YES;
				CLANG_WARN_INFINITE_RECURSION = YES;
				CLANG_WARN_INT_CONVERSION = YES;
				CLANG_WARN_NON_LITERAL_NULL_CONVERSION = YES;
				CLANG_WARN_OBJC_IMPLICIT_RETAIN_SELF = YES;
				CLANG_WARN_OBJC_LITERAL_CONVERSION = YES;
				CLANG_WARN_OBJC_ROOT_CLASS = YES_ERROR;
				CLANG_WARN_QUOTED_INCLUDE_IN_FRAMEWORK_HEADER = YES;
				CLANG_WARN_RANGE_LOOP_ANALYSIS = YES;
				CLANG_WARN_STRICT_PROTOTYPES = YES;
				CLANG_WARN_SUSPICIOUS_MOVE = YES;
				CLANG_WARN_UNGUARDED_AVAILABILITY = YES_AGGRESSIVE;
				CLANG_WARN_UNREACHABLE_CODE = YES;
				CLANG_WARN__DUPLICATE_METHOD_MATCH = YES;
				COPY_PHASE_STRIP = NO;
				DEBUG_INFORMATION_FORMAT = dwarf;
				ENABLE_STRICT_OBJC_MSGSEND = YES;
				ENABLE_TESTABILITY = YES;
				GCC_C_LANGUAGE_STANDARD = gnu11;
				GCC_DYNAMIC_NO_PIC = NO;
				GCC_NO_COMMON_BLOCKS = YES;
				GCC_OPTIMIZATION_LEVEL = 0;
				GCC_PREPROCESSOR_DEFINITIONS = (
					"DEBUG=1",
					"$(inherited)",
				);
				GCC_WARN_64_TO_32_BIT_CONVERSION = YES;
				GCC_WARN_ABOUT_RETURN_TYPE = YES_ERROR;
				GCC_WARN_UNDECLARED_SELECTOR = YES;
				GCC_WARN_UNINITIALIZED_AUTOS = YES_AGGRESSIVE;
				GCC_WARN_UNUSED_FUNCTION = YES;
				GCC_WARN_UNUSED_VARIABLE = YES;
				IPHONEOS_DEPLOYMENT_TARGET = 15.0;
				MTL_ENABLE_DEBUG_INFO = INCLUDE_SOURCE;
				MTL_FAST_MATH = YES;
				ONLY_ACTIVE_ARCH = YES;
				SDKROOT = iphoneos;
				SWIFT_ACTIVE_COMPILATION_CONDITIONS = DEBUG;
				SWIFT_OPTIMIZATION_LEVEL = "-Onone";
			};
			name = Debug;
		};
		A8FFE5F427C5530B0026A197 /* Release */ = {
			isa = XCBuildConfiguration;
			buildSettings = {
				ALWAYS_SEARCH_USER_PATHS = NO;
				CLANG_ANALYZER_NONNULL = YES;
				CLANG_ANALYZER_NUMBER_OBJECT_CONVERSION = YES_AGGRESSIVE;
				CLANG_CXX_LANGUAGE_STANDARD = "gnu++17";
				CLANG_CXX_LIBRARY = "libc++";
				CLANG_ENABLE_MODULES = YES;
				CLANG_ENABLE_OBJC_ARC = YES;
				CLANG_ENABLE_OBJC_WEAK = YES;
				CLANG_WARN_BLOCK_CAPTURE_AUTORELEASING = YES;
				CLANG_WARN_BOOL_CONVERSION = YES;
				CLANG_WARN_COMMA = YES;
				CLANG_WARN_CONSTANT_CONVERSION = YES;
				CLANG_WARN_DEPRECATED_OBJC_IMPLEMENTATIONS = YES;
				CLANG_WARN_DIRECT_OBJC_ISA_USAGE = YES_ERROR;
				CLANG_WARN_DOCUMENTATION_COMMENTS = YES;
				CLANG_WARN_EMPTY_BODY = YES;
				CLANG_WARN_ENUM_CONVERSION = YES;
				CLANG_WARN_INFINITE_RECURSION = YES;
				CLANG_WARN_INT_CONVERSION = YES;
				CLANG_WARN_NON_LITERAL_NULL_CONVERSION = YES;
				CLANG_WARN_OBJC_IMPLICIT_RETAIN_SELF = YES;
				CLANG_WARN_OBJC_LITERAL_CONVERSION = YES;
				CLANG_WARN_OBJC_ROOT_CLASS = YES_ERROR;
				CLANG_WARN_QUOTED_INCLUDE_IN_FRAMEWORK_HEADER = YES;
				CLANG_WARN_RANGE_LOOP_ANALYSIS = YES;
				CLANG_WARN_STRICT_PROTOTYPES = YES;
				CLANG_WARN_SUSPICIOUS_MOVE = YES;
				CLANG_WARN_UNGUARDED_AVAILABILITY = YES_AGGRESSIVE;
				CLANG_WARN_UNREACHABLE_CODE = YES;
				CLANG_WARN__DUPLICATE_METHOD_MATCH = YES;
				COPY_PHASE_STRIP = NO;
				DEBUG_INFORMATION_FORMAT = "dwarf-with-dsym";
				ENABLE_NS_ASSERTIONS = NO;
				ENABLE_STRICT_OBJC_MSGSEND = YES;
				GCC_C_LANGUAGE_STANDARD = gnu11;
				GCC_NO_COMMON_BLOCKS = YES;
				GCC_WARN_64_TO_32_BIT_CONVERSION = YES;
				GCC_WARN_ABOUT_RETURN_TYPE = YES_ERROR;
				GCC_WARN_UNDECLARED_SELECTOR = YES;
				GCC_WARN_UNINITIALIZED_AUTOS = YES_AGGRESSIVE;
				GCC_WARN_UNUSED_FUNCTION = YES;
				GCC_WARN_UNUSED_VARIABLE = YES;
				IPHONEOS_DEPLOYMENT_TARGET = 15.0;
				MTL_ENABLE_DEBUG_INFO = NO;
				MTL_FAST_MATH = YES;
				SDKROOT = iphoneos;
				SWIFT_COMPILATION_MODE = wholemodule;
				SWIFT_OPTIMIZATION_LEVEL = "-O";
				VALIDATE_PRODUCT = YES;
			};
			name = Release;
		};
		A8FFE5F627C5530B0026A197 /* Debug */ = {
			isa = XCBuildConfiguration;
			baseConfigurationReference = C9A1931CE88499B9780B7B8B /* Pods-iOS.debug.xcconfig */;
			buildSettings = {
				ASSETCATALOG_COMPILER_APPICON_NAME = AppIcon;
				ASSETCATALOG_COMPILER_GLOBAL_ACCENT_COLOR_NAME = AccentColor;
				CODE_SIGN_STYLE = Automatic;
				CURRENT_PROJECT_VERSION = 1;
				GENERATE_INFOPLIST_FILE = YES;
				INFOPLIST_FILE = iOS/Info.plist;
				INFOPLIST_KEY_UIApplicationSupportsIndirectInputEvents = YES;
				INFOPLIST_KEY_UILaunchStoryboardName = LaunchScreen;
				INFOPLIST_KEY_UISupportedInterfaceOrientations_iPad = "UIInterfaceOrientationPortrait UIInterfaceOrientationPortraitUpsideDown UIInterfaceOrientationLandscapeLeft UIInterfaceOrientationLandscapeRight";
				INFOPLIST_KEY_UISupportedInterfaceOrientations_iPhone = "UIInterfaceOrientationPortrait UIInterfaceOrientationLandscapeLeft UIInterfaceOrientationLandscapeRight";
				LD_RUNPATH_SEARCH_PATHS = (
					"$(inherited)",
					"@executable_path/Frameworks",
				);
				MARKETING_VERSION = 1.0;
				PRODUCT_BUNDLE_IDENTIFIER = Simform.iOS;
				PRODUCT_NAME = "$(TARGET_NAME)";
				SWIFT_EMIT_LOC_STRINGS = YES;
				SWIFT_VERSION = 5.0;
				TARGETED_DEVICE_FAMILY = "1,2";
			};
			name = Debug;
		};
		A8FFE5F727C5530B0026A197 /* Release */ = {
			isa = XCBuildConfiguration;
			baseConfigurationReference = CCFC82E9FC52D5DC724C1C21 /* Pods-iOS.release.xcconfig */;
			buildSettings = {
				ASSETCATALOG_COMPILER_APPICON_NAME = AppIcon;
				ASSETCATALOG_COMPILER_GLOBAL_ACCENT_COLOR_NAME = AccentColor;
				CODE_SIGN_STYLE = Automatic;
				CURRENT_PROJECT_VERSION = 1;
				GENERATE_INFOPLIST_FILE = YES;
				INFOPLIST_FILE = iOS/Info.plist;
				INFOPLIST_KEY_UIApplicationSupportsIndirectInputEvents = YES;
				INFOPLIST_KEY_UILaunchStoryboardName = LaunchScreen;
				INFOPLIST_KEY_UISupportedInterfaceOrientations_iPad = "UIInterfaceOrientationPortrait UIInterfaceOrientationPortraitUpsideDown UIInterfaceOrientationLandscapeLeft UIInterfaceOrientationLandscapeRight";
				INFOPLIST_KEY_UISupportedInterfaceOrientations_iPhone = "UIInterfaceOrientationPortrait UIInterfaceOrientationLandscapeLeft UIInterfaceOrientationLandscapeRight";
				LD_RUNPATH_SEARCH_PATHS = (
					"$(inherited)",
					"@executable_path/Frameworks",
				);
				MARKETING_VERSION = 1.0;
				PRODUCT_BUNDLE_IDENTIFIER = Simform.iOS;
				PRODUCT_NAME = "$(TARGET_NAME)";
				SWIFT_EMIT_LOC_STRINGS = YES;
				SWIFT_VERSION = 5.0;
				TARGETED_DEVICE_FAMILY = "1,2";
			};
			name = Release;
		};
		A8FFE5F927C5530B0026A197 /* Debug */ = {
			isa = XCBuildConfiguration;
			baseConfigurationReference = 87CF818520CA7485E6F881FF /* Pods-iOSTests.debug.xcconfig */;
			buildSettings = {
				ALWAYS_EMBED_SWIFT_STANDARD_LIBRARIES = YES;
				BUNDLE_LOADER = "$(TEST_HOST)";
				CODE_SIGN_STYLE = Automatic;
				CURRENT_PROJECT_VERSION = 1;
				GENERATE_INFOPLIST_FILE = YES;
				IPHONEOS_DEPLOYMENT_TARGET = 15.0;
				LD_RUNPATH_SEARCH_PATHS = (
					"$(inherited)",
					"@executable_path/Frameworks",
					"@loader_path/Frameworks",
				);
				MARKETING_VERSION = 1.0;
				PRODUCT_BUNDLE_IDENTIFIER = Simform.iOSTests;
				PRODUCT_NAME = "$(TARGET_NAME)";
				SWIFT_EMIT_LOC_STRINGS = NO;
				SWIFT_VERSION = 5.0;
				TARGETED_DEVICE_FAMILY = "1,2";
				TEST_HOST = "$(BUILT_PRODUCTS_DIR)/iOS.app/iOS";
			};
			name = Debug;
		};
		A8FFE5FA27C5530B0026A197 /* Release */ = {
			isa = XCBuildConfiguration;
			baseConfigurationReference = 87D9508FB7C5C31ACA25F669 /* Pods-iOSTests.release.xcconfig */;
			buildSettings = {
				ALWAYS_EMBED_SWIFT_STANDARD_LIBRARIES = YES;
				BUNDLE_LOADER = "$(TEST_HOST)";
				CODE_SIGN_STYLE = Automatic;
				CURRENT_PROJECT_VERSION = 1;
				GENERATE_INFOPLIST_FILE = YES;
				IPHONEOS_DEPLOYMENT_TARGET = 15.0;
				LD_RUNPATH_SEARCH_PATHS = (
					"$(inherited)",
					"@executable_path/Frameworks",
					"@loader_path/Frameworks",
				);
				MARKETING_VERSION = 1.0;
				PRODUCT_BUNDLE_IDENTIFIER = Simform.iOSTests;
				PRODUCT_NAME = "$(TARGET_NAME)";
				SWIFT_EMIT_LOC_STRINGS = NO;
				SWIFT_VERSION = 5.0;
				TARGETED_DEVICE_FAMILY = "1,2";
				TEST_HOST = "$(BUILT_PRODUCTS_DIR)/iOS.app/iOS";
			};
			name = Release;
		};
		A8FFE5FC27C5530B0026A197 /* Debug */ = {
			isa = XCBuildConfiguration;
			baseConfigurationReference = 8806F71E16471F00D0F3E6AD /* Pods-iOS-iOSUITests.debug.xcconfig */;
			buildSettings = {
				ALWAYS_EMBED_SWIFT_STANDARD_LIBRARIES = YES;
				CODE_SIGN_STYLE = Automatic;
				CURRENT_PROJECT_VERSION = 1;
				GENERATE_INFOPLIST_FILE = YES;
				LD_RUNPATH_SEARCH_PATHS = (
					"$(inherited)",
					"@executable_path/Frameworks",
					"@loader_path/Frameworks",
				);
				MARKETING_VERSION = 1.0;
				PRODUCT_BUNDLE_IDENTIFIER = Simform.iOSUITests;
				PRODUCT_NAME = "$(TARGET_NAME)";
				SWIFT_EMIT_LOC_STRINGS = NO;
				SWIFT_VERSION = 5.0;
				TARGETED_DEVICE_FAMILY = "1,2";
				TEST_TARGET_NAME = iOS;
			};
			name = Debug;
		};
		A8FFE5FD27C5530B0026A197 /* Release */ = {
			isa = XCBuildConfiguration;
			baseConfigurationReference = 8D0B21D396111FD4B6EC638C /* Pods-iOS-iOSUITests.release.xcconfig */;
			buildSettings = {
				ALWAYS_EMBED_SWIFT_STANDARD_LIBRARIES = YES;
				CODE_SIGN_STYLE = Automatic;
				CURRENT_PROJECT_VERSION = 1;
				GENERATE_INFOPLIST_FILE = YES;
				LD_RUNPATH_SEARCH_PATHS = (
					"$(inherited)",
					"@executable_path/Frameworks",
					"@loader_path/Frameworks",
				);
				MARKETING_VERSION = 1.0;
				PRODUCT_BUNDLE_IDENTIFIER = Simform.iOSUITests;
				PRODUCT_NAME = "$(TARGET_NAME)";
				SWIFT_EMIT_LOC_STRINGS = NO;
				SWIFT_VERSION = 5.0;
				TARGETED_DEVICE_FAMILY = "1,2";
				TEST_TARGET_NAME = iOS;
			};
			name = Release;
		};
/* End XCBuildConfiguration section */

/* Begin XCConfigurationList section */
		A8FFE5C627C5530A0026A197 /* Build configuration list for PBXProject "iOS" */ = {
			isa = XCConfigurationList;
			buildConfigurations = (
				A8FFE5F327C5530B0026A197 /* Debug */,
				A8FFE5F427C5530B0026A197 /* Release */,
			);
			defaultConfigurationIsVisible = 0;
			defaultConfigurationName = Release;
		};
		A8FFE5F527C5530B0026A197 /* Build configuration list for PBXNativeTarget "iOS" */ = {
			isa = XCConfigurationList;
			buildConfigurations = (
				A8FFE5F627C5530B0026A197 /* Debug */,
				A8FFE5F727C5530B0026A197 /* Release */,
			);
			defaultConfigurationIsVisible = 0;
			defaultConfigurationName = Release;
		};
		A8FFE5F827C5530B0026A197 /* Build configuration list for PBXNativeTarget "iOSTests" */ = {
			isa = XCConfigurationList;
			buildConfigurations = (
				A8FFE5F927C5530B0026A197 /* Debug */,
				A8FFE5FA27C5530B0026A197 /* Release */,
			);
			defaultConfigurationIsVisible = 0;
			defaultConfigurationName = Release;
		};
		A8FFE5FB27C5530B0026A197 /* Build configuration list for PBXNativeTarget "iOSUITests" */ = {
			isa = XCConfigurationList;
			buildConfigurations = (
				A8FFE5FC27C5530B0026A197 /* Debug */,
				A8FFE5FD27C5530B0026A197 /* Release */,
			);
			defaultConfigurationIsVisible = 0;
			defaultConfigurationName = Release;
		};
/* End XCConfigurationList section */
	};
	rootObject = A8FFE5C327C5530A0026A197 /* Project object */;
}
