// !$*UTF8*$!
{
	archiveVersion = 1;
	classes = {
	};
	objectVersion = 55;
	objects = {

/* Begin PBXBuildFile section */
		A804933527D8D3EC0005B922 /* CollectionViewCell.swift in Sources */ = {isa = PBXBuildFile; fileRef = A804933427D8D3EC0005B922 /* CollectionViewCell.swift */; };
		A80647A427D71E52007BD792 /* DataClass.swift in Sources */ = {isa = PBXBuildFile; fileRef = A80647A327D71E52007BD792 /* DataClass.swift */; };
		A80647A927D73905007BD792 /* MapClass.swift in Sources */ = {isa = PBXBuildFile; fileRef = A80647A827D73905007BD792 /* MapClass.swift */; };
		A80647AB27D776E8007BD792 /* Stepper.swift in Sources */ = {isa = PBXBuildFile; fileRef = A80647AA27D776E8007BD792 /* Stepper.swift */; };
		A80A77F327DB305300BBB9FD /* WebViewKit.swift in Sources */ = {isa = PBXBuildFile; fileRef = A80A77F227DB305300BBB9FD /* WebViewKit.swift */; };
		A83F73EB27DF009E0055F05B /* TableViewCell.swift in Sources */ = {isa = PBXBuildFile; fileRef = A83F73EA27DF009E0055F05B /* TableViewCell.swift */; };
		A83F73ED27DF00D00055F05B /* CollectionViewHeaderCell.swift in Sources */ = {isa = PBXBuildFile; fileRef = A83F73EC27DF00D00055F05B /* CollectionViewHeaderCell.swift */; };
		A85016E927DA0DCD0020ED53 /* Pickers.swift in Sources */ = {isa = PBXBuildFile; fileRef = A85016E827DA0DCD0020ED53 /* Pickers.swift */; };
		A855C16F27D8857D008C33E1 /* CollectonView.swift in Sources */ = {isa = PBXBuildFile; fileRef = A855C16E27D8857D008C33E1 /* CollectonView.swift */; };
		A857543527DB485C008F073D /* demoPDF.pdf in Resources */ = {isa = PBXBuildFile; fileRef = A857543427DB485C008F073D /* demoPDF.pdf */; };
		A857543927DB4BA0008F073D /* demoHTML.html in Resources */ = {isa = PBXBuildFile; fileRef = A857543827DB4BA0008F073D /* demoHTML.html */; };
		A857543E27DB4C1D008F073D /* W3.CSS Template_files in Resources */ = {isa = PBXBuildFile; fileRef = A857543D27DB4C1D008F073D /* W3.CSS Template_files */; };
		A8784F8E27CF79E800AF330D /* UIComponents.storyboard in Resources */ = {isa = PBXBuildFile; fileRef = A8784F8D27CF79E800AF330D /* UIComponents.storyboard */; };
		A89754E227D09CF9001ABB33 /* UIComponents.swift in Sources */ = {isa = PBXBuildFile; fileRef = A89754E127D09CF9001ABB33 /* UIComponents.swift */; };
		A8EE0ACB27D1CE3200FAE34E /* SignUpScreen.swift in Sources */ = {isa = PBXBuildFile; fileRef = A8EE0ACA27D1CE3200FAE34E /* SignUpScreen.swift */; };
		A8FFE5CF27C5530A0026A197 /* AppDelegate.swift in Sources */ = {isa = PBXBuildFile; fileRef = A8FFE5CE27C5530A0026A197 /* AppDelegate.swift */; };
		A8FFE5D127C5530A0026A197 /* SceneDelegate.swift in Sources */ = {isa = PBXBuildFile; fileRef = A8FFE5D027C5530A0026A197 /* SceneDelegate.swift */; };
		A8FFE5D327C5530A0026A197 /* ViewController.swift in Sources */ = {isa = PBXBuildFile; fileRef = A8FFE5D227C5530A0026A197 /* ViewController.swift */; };
		A8FFE5D627C5530A0026A197 /* Main.storyboard in Resources */ = {isa = PBXBuildFile; fileRef = A8FFE5D427C5530A0026A197 /* Main.storyboard */; };
		A8FFE5D827C5530B0026A197 /* Assets.xcassets in Resources */ = {isa = PBXBuildFile; fileRef = A8FFE5D727C5530B0026A197 /* Assets.xcassets */; };
		A8FFE5DB27C5530B0026A197 /* LaunchScreen.storyboard in Resources */ = {isa = PBXBuildFile; fileRef = A8FFE5D927C5530B0026A197 /* LaunchScreen.storyboard */; };
		A8FFE5E627C5530B0026A197 /* iOSTests.swift in Sources */ = {isa = PBXBuildFile; fileRef = A8FFE5E527C5530B0026A197 /* iOSTests.swift */; };
		A8FFE5F027C5530B0026A197 /* iOSUITests.swift in Sources */ = {isa = PBXBuildFile; fileRef = A8FFE5EF27C5530B0026A197 /* iOSUITests.swift */; };
		A8FFE5F227C5530B0026A197 /* iOSUITestsLaunchTests.swift in Sources */ = {isa = PBXBuildFile; fileRef = A8FFE5F127C5530B0026A197 /* iOSUITestsLaunchTests.swift */; };
/* End PBXBuildFile section */

/* Begin PBXContainerItemProxy section */
		A8FFE5E227C5530B0026A197 /* PBXContainerItemProxy */ = {
			isa = PBXContainerItemProxy;
			containerPortal = A8FFE5C327C5530A0026A197 /* Project object */;
			proxyType = 1;
			remoteGlobalIDString = A8FFE5CA27C5530A0026A197;
			remoteInfo = iOS;
		};
		A8FFE5EC27C5530B0026A197 /* PBXContainerItemProxy */ = {
			isa = PBXContainerItemProxy;
			containerPortal = A8FFE5C327C5530A0026A197 /* Project object */;
			proxyType = 1;
			remoteGlobalIDString = A8FFE5CA27C5530A0026A197;
			remoteInfo = iOS;
		};
/* End PBXContainerItemProxy section */

/* Begin PBXFileReference section */
		A804933427D8D3EC0005B922 /* CollectionViewCell.swift */ = {isa = PBXFileReference; lastKnownFileType = sourcecode.swift; path = CollectionViewCell.swift; sourceTree = "<group>"; };
		A80647A327D71E52007BD792 /* DataClass.swift */ = {isa = PBXFileReference; lastKnownFileType = sourcecode.swift; path = DataClass.swift; sourceTree = "<group>"; };
		A80647A827D73905007BD792 /* MapClass.swift */ = {isa = PBXFileReference; lastKnownFileType = sourcecode.swift; path = MapClass.swift; sourceTree = "<group>"; };
		A80647AA27D776E8007BD792 /* Stepper.swift */ = {isa = PBXFileReference; lastKnownFileType = sourcecode.swift; path = Stepper.swift; sourceTree = "<group>"; };
		A80A77F227DB305300BBB9FD /* WebViewKit.swift */ = {isa = PBXFileReference; lastKnownFileType = sourcecode.swift; path = WebViewKit.swift; sourceTree = "<group>"; };
		A83F73EA27DF009E0055F05B /* TableViewCell.swift */ = {isa = PBXFileReference; lastKnownFileType = sourcecode.swift; path = TableViewCell.swift; sourceTree = "<group>"; };
		A83F73EC27DF00D00055F05B /* CollectionViewHeaderCell.swift */ = {isa = PBXFileReference; lastKnownFileType = sourcecode.swift; path = CollectionViewHeaderCell.swift; sourceTree = "<group>"; };
		A85016E827DA0DCD0020ED53 /* Pickers.swift */ = {isa = PBXFileReference; lastKnownFileType = sourcecode.swift; path = Pickers.swift; sourceTree = "<group>"; };
		A855C16E27D8857D008C33E1 /* CollectonView.swift */ = {isa = PBXFileReference; lastKnownFileType = sourcecode.swift; path = CollectonView.swift; sourceTree = "<group>"; };
		A857543427DB485C008F073D /* demoPDF.pdf */ = {isa = PBXFileReference; lastKnownFileType = image.pdf; path = demoPDF.pdf; sourceTree = "<group>"; };
		A857543827DB4BA0008F073D /* demoHTML.html */ = {isa = PBXFileReference; fileEncoding = 4; lastKnownFileType = text.html; path = demoHTML.html; sourceTree = "<group>"; };
		A857543D27DB4C1D008F073D /* W3.CSS Template_files */ = {isa = PBXFileReference; lastKnownFileType = folder; path = "W3.CSS Template_files"; sourceTree = "<group>"; };
		A8784F8D27CF79E800AF330D /* UIComponents.storyboard */ = {isa = PBXFileReference; lastKnownFileType = file.storyboard; path = UIComponents.storyboard; sourceTree = "<group>"; };
		A89754E127D09CF9001ABB33 /* UIComponents.swift */ = {isa = PBXFileReference; lastKnownFileType = sourcecode.swift; path = UIComponents.swift; sourceTree = "<group>"; };
		A8EE0ACA27D1CE3200FAE34E /* SignUpScreen.swift */ = {isa = PBXFileReference; lastKnownFileType = sourcecode.swift; path = SignUpScreen.swift; sourceTree = "<group>"; };
		A8FFE5CB27C5530A0026A197 /* iOS.app */ = {isa = PBXFileReference; explicitFileType = wrapper.application; includeInIndex = 0; path = iOS.app; sourceTree = BUILT_PRODUCTS_DIR; };
		A8FFE5CE27C5530A0026A197 /* AppDelegate.swift */ = {isa = PBXFileReference; lastKnownFileType = sourcecode.swift; path = AppDelegate.swift; sourceTree = "<group>"; };
		A8FFE5D027C5530A0026A197 /* SceneDelegate.swift */ = {isa = PBXFileReference; lastKnownFileType = sourcecode.swift; path = SceneDelegate.swift; sourceTree = "<group>"; };
		A8FFE5D227C5530A0026A197 /* ViewController.swift */ = {isa = PBXFileReference; lastKnownFileType = sourcecode.swift; path = ViewController.swift; sourceTree = "<group>"; };
		A8FFE5D527C5530A0026A197 /* Base */ = {isa = PBXFileReference; lastKnownFileType = file.storyboard; name = Base; path = Base.lproj/Main.storyboard; sourceTree = "<group>"; };
		A8FFE5D727C5530B0026A197 /* Assets.xcassets */ = {isa = PBXFileReference; lastKnownFileType = folder.assetcatalog; path = Assets.xcassets; sourceTree = "<group>"; };
		A8FFE5DA27C5530B0026A197 /* Base */ = {isa = PBXFileReference; lastKnownFileType = file.storyboard; name = Base; path = Base.lproj/LaunchScreen.storyboard; sourceTree = "<group>"; };
		A8FFE5DC27C5530B0026A197 /* Info.plist */ = {isa = PBXFileReference; lastKnownFileType = text.plist.xml; path = Info.plist; sourceTree = "<group>"; };
		A8FFE5E127C5530B0026A197 /* iOSTests.xctest */ = {isa = PBXFileReference; explicitFileType = wrapper.cfbundle; includeInIndex = 0; path = iOSTests.xctest; sourceTree = BUILT_PRODUCTS_DIR; };
		A8FFE5E527C5530B0026A197 /* iOSTests.swift */ = {isa = PBXFileReference; lastKnownFileType = sourcecode.swift; path = iOSTests.swift; sourceTree = "<group>"; };
		A8FFE5EB27C5530B0026A197 /* iOSUITests.xctest */ = {isa = PBXFileReference; explicitFileType = wrapper.cfbundle; includeInIndex = 0; path = iOSUITests.xctest; sourceTree = BUILT_PRODUCTS_DIR; };
		A8FFE5EF27C5530B0026A197 /* iOSUITests.swift */ = {isa = PBXFileReference; lastKnownFileType = sourcecode.swift; path = iOSUITests.swift; sourceTree = "<group>"; };
		A8FFE5F127C5530B0026A197 /* iOSUITestsLaunchTests.swift */ = {isa = PBXFileReference; lastKnownFileType = sourcecode.swift; path = iOSUITestsLaunchTests.swift; sourceTree = "<group>"; };
/* End PBXFileReference section */

/* Begin PBXFrameworksBuildPhase section */
		A8FFE5C827C5530A0026A197 /* Frameworks */ = {
			isa = PBXFrameworksBuildPhase;
			buildActionMask = 2147483647;
			files = (
			);
			runOnlyForDeploymentPostprocessing = 0;
		};
		A8FFE5DE27C5530B0026A197 /* Frameworks */ = {
			isa = PBXFrameworksBuildPhase;
			buildActionMask = 2147483647;
			files = (
			);
			runOnlyForDeploymentPostprocessing = 0;
		};
		A8FFE5E827C5530B0026A197 /* Frameworks */ = {
			isa = PBXFrameworksBuildPhase;
			buildActionMask = 2147483647;
			files = (
			);
			runOnlyForDeploymentPostprocessing = 0;
		};
/* End PBXFrameworksBuildPhase section */

/* Begin PBXGroup section */
		A804933327D8D3900005B922 /* CollectionView */ = {
			isa = PBXGroup;
			children = (
				A855C16E27D8857D008C33E1 /* CollectonView.swift */,
				A804933427D8D3EC0005B922 /* CollectionViewCell.swift */,
				A83F73EA27DF009E0055F05B /* TableViewCell.swift */,
				A83F73EC27DF00D00055F05B /* CollectionViewHeaderCell.swift */,
			);
			name = CollectionView;
			sourceTree = "<group>";
		};
		A80647A627D72616007BD792 /* UIComponent */ = {
			isa = PBXGroup;
			children = (
				A804933327D8D3900005B922 /* CollectionView */,
				A8784F8D27CF79E800AF330D /* UIComponents.storyboard */,
				A89754E127D09CF9001ABB33 /* UIComponents.swift */,
				A8EE0ACA27D1CE3200FAE34E /* SignUpScreen.swift */,
				A80647A827D73905007BD792 /* MapClass.swift */,
				A80647AA27D776E8007BD792 /* Stepper.swift */,
				A85016E827DA0DCD0020ED53 /* Pickers.swift */,
				A80A77F227DB305300BBB9FD /* WebViewKit.swift */,
			);
			path = UIComponent;
			sourceTree = "<group>";
		};
		A80647A727D72D86007BD792 /* AppFiles */ = {
			isa = PBXGroup;
			children = (
				A857543C27DB4BEE008F073D /* demoFiles */,
				A8FFE5CE27C5530A0026A197 /* AppDelegate.swift */,
				A8FFE5D027C5530A0026A197 /* SceneDelegate.swift */,
				A8FFE5D227C5530A0026A197 /* ViewController.swift */,
				A8FFE5D427C5530A0026A197 /* Main.storyboard */,
				A8FFE5D727C5530B0026A197 /* Assets.xcassets */,
				A8FFE5D927C5530B0026A197 /* LaunchScreen.storyboard */,
				A8FFE5DC27C5530B0026A197 /* Info.plist */,
			);
			name = AppFiles;
			sourceTree = "<group>";
		};
		A857543C27DB4BEE008F073D /* demoFiles */ = {
			isa = PBXGroup;
			children = (
				A857543D27DB4C1D008F073D /* W3.CSS Template_files */,
				A857543427DB485C008F073D /* demoPDF.pdf */,
				A857543827DB4BA0008F073D /* demoHTML.html */,
			);
			path = demoFiles;
			sourceTree = "<group>";
		};
		A8FFE5C227C5530A0026A197 = {
			isa = PBXGroup;
			children = (
				A8FFE5CD27C5530A0026A197 /* iOS */,
				A8FFE5E427C5530B0026A197 /* iOSTests */,
				A8FFE5EE27C5530B0026A197 /* iOSUITests */,
				A8FFE5CC27C5530A0026A197 /* Products */,
			);
			sourceTree = "<group>";
		};
		A8FFE5CC27C5530A0026A197 /* Products */ = {
			isa = PBXGroup;
			children = (
				A8FFE5CB27C5530A0026A197 /* iOS.app */,
				A8FFE5E127C5530B0026A197 /* iOSTests.xctest */,
				A8FFE5EB27C5530B0026A197 /* iOSUITests.xctest */,
			);
			name = Products;
			sourceTree = "<group>";
		};
		A8FFE5CD27C5530A0026A197 /* iOS */ = {
			isa = PBXGroup;
			children = (
				A80647A727D72D86007BD792 /* AppFiles */,
				A80647A627D72616007BD792 /* UIComponent */,
				A80647A327D71E52007BD792 /* DataClass.swift */,
			);
			path = iOS;
			sourceTree = "<group>";
		};
		A8FFE5E427C5530B0026A197 /* iOSTests */ = {
			isa = PBXGroup;
			children = (
				A8FFE5E527C5530B0026A197 /* iOSTests.swift */,
			);
			path = iOSTests;
			sourceTree = "<group>";
		};
		A8FFE5EE27C5530B0026A197 /* iOSUITests */ = {
			isa = PBXGroup;
			children = (
				A8FFE5EF27C5530B0026A197 /* iOSUITests.swift */,
				A8FFE5F127C5530B0026A197 /* iOSUITestsLaunchTests.swift */,
			);
			path = iOSUITests;
			sourceTree = "<group>";
		};
/* End PBXGroup section */

/* Begin PBXNativeTarget section */
		A8FFE5CA27C5530A0026A197 /* iOS */ = {
			isa = PBXNativeTarget;
			buildConfigurationList = A8FFE5F527C5530B0026A197 /* Build configuration list for PBXNativeTarget "iOS" */;
			buildPhases = (
				A8FFE5C727C5530A0026A197 /* Sources */,
				A8FFE5C827C5530A0026A197 /* Frameworks */,
				A8FFE5C927C5530A0026A197 /* Resources */,
			);
			buildRules = (
			);
			dependencies = (
			);
			name = iOS;
			productName = iOS;
			productReference = A8FFE5CB27C5530A0026A197 /* iOS.app */;
			productType = "com.apple.product-type.application";
		};
		A8FFE5E027C5530B0026A197 /* iOSTests */ = {
			isa = PBXNativeTarget;
			buildConfigurationList = A8FFE5F827C5530B0026A197 /* Build configuration list for PBXNativeTarget "iOSTests" */;
			buildPhases = (
				A8FFE5DD27C5530B0026A197 /* Sources */,
				A8FFE5DE27C5530B0026A197 /* Frameworks */,
				A8FFE5DF27C5530B0026A197 /* Resources */,
			);
			buildRules = (
			);
			dependencies = (
				A8FFE5E327C5530B0026A197 /* PBXTargetDependency */,
			);
			name = iOSTests;
			productName = iOSTests;
			productReference = A8FFE5E127C5530B0026A197 /* iOSTests.xctest */;
			productType = "com.apple.product-type.bundle.unit-test";
		};
		A8FFE5EA27C5530B0026A197 /* iOSUITests */ = {
			isa = PBXNativeTarget;
			buildConfigurationList = A8FFE5FB27C5530B0026A197 /* Build configuration list for PBXNativeTarget "iOSUITests" */;
			buildPhases = (
				A8FFE5E727C5530B0026A197 /* Sources */,
				A8FFE5E827C5530B0026A197 /* Frameworks */,
				A8FFE5E927C5530B0026A197 /* Resources */,
			);
			buildRules = (
			);
			dependencies = (
				A8FFE5ED27C5530B0026A197 /* PBXTargetDependency */,
			);
			name = iOSUITests;
			productName = iOSUITests;
			productReference = A8FFE5EB27C5530B0026A197 /* iOSUITests.xctest */;
			productType = "com.apple.product-type.bundle.ui-testing";
		};
/* End PBXNativeTarget section */

/* Begin PBXProject section */
		A8FFE5C327C5530A0026A197 /* Project object */ = {
			isa = PBXProject;
			attributes = {
				BuildIndependentTargetsInParallel = 1;
				LastSwiftUpdateCheck = 1310;
				LastUpgradeCheck = 1310;
				TargetAttributes = {
					A8FFE5CA27C5530A0026A197 = {
						CreatedOnToolsVersion = 13.1;
					};
					A8FFE5E027C5530B0026A197 = {
						CreatedOnToolsVersion = 13.1;
						TestTargetID = A8FFE5CA27C5530A0026A197;
					};
					A8FFE5EA27C5530B0026A197 = {
						CreatedOnToolsVersion = 13.1;
						TestTargetID = A8FFE5CA27C5530A0026A197;
					};
				};
			};
			buildConfigurationList = A8FFE5C627C5530A0026A197 /* Build configuration list for PBXProject "iOS" */;
			compatibilityVersion = "Xcode 13.0";
			developmentRegion = en;
			hasScannedForEncodings = 0;
			knownRegions = (
				en,
				Base,
			);
			mainGroup = A8FFE5C227C5530A0026A197;
			productRefGroup = A8FFE5CC27C5530A0026A197 /* Products */;
			projectDirPath = "";
			projectRoot = "";
			targets = (
				A8FFE5CA27C5530A0026A197 /* iOS */,
				A8FFE5E027C5530B0026A197 /* iOSTests */,
				A8FFE5EA27C5530B0026A197 /* iOSUITests */,
			);
		};
/* End PBXProject section */

/* Begin PBXResourcesBuildPhase section */
		A8FFE5C927C5530A0026A197 /* Resources */ = {
			isa = PBXResourcesBuildPhase;
			buildActionMask = 2147483647;
			files = (
				A8784F8E27CF79E800AF330D /* UIComponents.storyboard in Resources */,
				A8FFE5DB27C5530B0026A197 /* LaunchScreen.storyboard in Resources */,
				A857543927DB4BA0008F073D /* demoHTML.html in Resources */,
				A857543E27DB4C1D008F073D /* W3.CSS Template_files in Resources */,
				A857543527DB485C008F073D /* demoPDF.pdf in Resources */,
				A8FFE5D827C5530B0026A197 /* Assets.xcassets in Resources */,
				A8FFE5D627C5530A0026A197 /* Main.storyboard in Resources */,
			);
			runOnlyForDeploymentPostprocessing = 0;
		};
		A8FFE5DF27C5530B0026A197 /* Resources */ = {
			isa = PBXResourcesBuildPhase;
			buildActionMask = 2147483647;
			files = (
			);
			runOnlyForDeploymentPostprocessing = 0;
		};
		A8FFE5E927C5530B0026A197 /* Resources */ = {
			isa = PBXResourcesBuildPhase;
			buildActionMask = 2147483647;
			files = (
			);
			runOnlyForDeploymentPostprocessing = 0;
		};
/* End PBXResourcesBuildPhase section */

/* Begin PBXSourcesBuildPhase section */
		A8FFE5C727C5530A0026A197 /* Sources */ = {
			isa = PBXSourcesBuildPhase;
			buildActionMask = 2147483647;
			files = (
				A83F73EB27DF009E0055F05B /* TableViewCell.swift in Sources */,
				A8EE0ACB27D1CE3200FAE34E /* SignUpScreen.swift in Sources */,
				A804933527D8D3EC0005B922 /* CollectionViewCell.swift in Sources */,
				A83F73ED27DF00D00055F05B /* CollectionViewHeaderCell.swift in Sources */,
				A855C16F27D8857D008C33E1 /* CollectonView.swift in Sources */,
				A80647A427D71E52007BD792 /* DataClass.swift in Sources */,
				A85016E927DA0DCD0020ED53 /* Pickers.swift in Sources */,
				A80A77F327DB305300BBB9FD /* WebViewKit.swift in Sources */,
				A80647A927D73905007BD792 /* MapClass.swift in Sources */,
				A8FFE5D327C5530A0026A197 /* ViewController.swift in Sources */,
				A89754E227D09CF9001ABB33 /* UIComponents.swift in Sources */,
				A80647AB27D776E8007BD792 /* Stepper.swift in Sources */,
				A8FFE5CF27C5530A0026A197 /* AppDelegate.swift in Sources */,
				A8FFE5D127C5530A0026A197 /* SceneDelegate.swift in Sources */,
			);
			runOnlyForDeploymentPostprocessing = 0;
		};
		A8FFE5DD27C5530B0026A197 /* Sources */ = {
			isa = PBXSourcesBuildPhase;
			buildActionMask = 2147483647;
			files = (
				A8FFE5E627C5530B0026A197 /* iOSTests.swift in Sources */,
			);
			runOnlyForDeploymentPostprocessing = 0;
		};
		A8FFE5E727C5530B0026A197 /* Sources */ = {
			isa = PBXSourcesBuildPhase;
			buildActionMask = 2147483647;
			files = (
				A8FFE5F227C5530B0026A197 /* iOSUITestsLaunchTests.swift in Sources */,
				A8FFE5F027C5530B0026A197 /* iOSUITests.swift in Sources */,
			);
			runOnlyForDeploymentPostprocessing = 0;
		};
/* End PBXSourcesBuildPhase section */

/* Begin PBXTargetDependency section */
		A8FFE5E327C5530B0026A197 /* PBXTargetDependency */ = {
			isa = PBXTargetDependency;
			target = A8FFE5CA27C5530A0026A197 /* iOS */;
			targetProxy = A8FFE5E227C5530B0026A197 /* PBXContainerItemProxy */;
		};
		A8FFE5ED27C5530B0026A197 /* PBXTargetDependency */ = {
			isa = PBXTargetDependency;
			target = A8FFE5CA27C5530A0026A197 /* iOS */;
			targetProxy = A8FFE5EC27C5530B0026A197 /* PBXContainerItemProxy */;
		};
/* End PBXTargetDependency section */

/* Begin PBXVariantGroup section */
		A8FFE5D427C5530A0026A197 /* Main.storyboard */ = {
			isa = PBXVariantGroup;
			children = (
				A8FFE5D527C5530A0026A197 /* Base */,
			);
			name = Main.storyboard;
			sourceTree = "<group>";
		};
		A8FFE5D927C5530B0026A197 /* LaunchScreen.storyboard */ = {
			isa = PBXVariantGroup;
			children = (
				A8FFE5DA27C5530B0026A197 /* Base */,
			);
			name = LaunchScreen.storyboard;
			sourceTree = "<group>";
		};
/* End PBXVariantGroup section */

/* Begin XCBuildConfiguration section */
		A8FFE5F327C5530B0026A197 /* Debug */ = {
			isa = XCBuildConfiguration;
			buildSettings = {
				ALWAYS_SEARCH_USER_PATHS = NO;
				CLANG_ANALYZER_NONNULL = YES;
				CLANG_ANALYZER_NUMBER_OBJECT_CONVERSION = YES_AGGRESSIVE;
				CLANG_CXX_LANGUAGE_STANDARD = "gnu++17";
				CLANG_CXX_LIBRARY = "libc++";
				CLANG_ENABLE_MODULES = YES;
				CLANG_ENABLE_OBJC_ARC = YES;
				CLANG_ENABLE_OBJC_WEAK = YES;
				CLANG_WARN_BLOCK_CAPTURE_AUTORELEASING = YES;
				CLANG_WARN_BOOL_CONVERSION = YES;
				CLANG_WARN_COMMA = YES;
				CLANG_WARN_CONSTANT_CONVERSION = YES;
				CLANG_WARN_DEPRECATED_OBJC_IMPLEMENTATIONS = YES;
				CLANG_WARN_DIRECT_OBJC_ISA_USAGE = YES_ERROR;
				CLANG_WARN_DOCUMENTATION_COMMENTS = YES;
				CLANG_WARN_EMPTY_BODY = YES;
				CLANG_WARN_ENUM_CONVERSION = YES;
				CLANG_WARN_INFINITE_RECURSION = YES;
				CLANG_WARN_INT_CONVERSION = YES;
				CLANG_WARN_NON_LITERAL_NULL_CONVERSION = YES;
				CLANG_WARN_OBJC_IMPLICIT_RETAIN_SELF = YES;
				CLANG_WARN_OBJC_LITERAL_CONVERSION = YES;
				CLANG_WARN_OBJC_ROOT_CLASS = YES_ERROR;
				CLANG_WARN_QUOTED_INCLUDE_IN_FRAMEWORK_HEADER = YES;
				CLANG_WARN_RANGE_LOOP_ANALYSIS = YES;
				CLANG_WARN_STRICT_PROTOTYPES = YES;
				CLANG_WARN_SUSPICIOUS_MOVE = YES;
				CLANG_WARN_UNGUARDED_AVAILABILITY = YES_AGGRESSIVE;
				CLANG_WARN_UNREACHABLE_CODE = YES;
				CLANG_WARN__DUPLICATE_METHOD_MATCH = YES;
				COPY_PHASE_STRIP = NO;
				DEBUG_INFORMATION_FORMAT = dwarf;
				ENABLE_STRICT_OBJC_MSGSEND = YES;
				ENABLE_TESTABILITY = YES;
				GCC_C_LANGUAGE_STANDARD = gnu11;
				GCC_DYNAMIC_NO_PIC = NO;
				GCC_NO_COMMON_BLOCKS = YES;
				GCC_OPTIMIZATION_LEVEL = 0;
				GCC_PREPROCESSOR_DEFINITIONS = (
					"DEBUG=1",
					"$(inherited)",
				);
				GCC_WARN_64_TO_32_BIT_CONVERSION = YES;
				GCC_WARN_ABOUT_RETURN_TYPE = YES_ERROR;
				GCC_WARN_UNDECLARED_SELECTOR = YES;
				GCC_WARN_UNINITIALIZED_AUTOS = YES_AGGRESSIVE;
				GCC_WARN_UNUSED_FUNCTION = YES;
				GCC_WARN_UNUSED_VARIABLE = YES;
				IPHONEOS_DEPLOYMENT_TARGET = 15.0;
				MTL_ENABLE_DEBUG_INFO = INCLUDE_SOURCE;
				MTL_FAST_MATH = YES;
				ONLY_ACTIVE_ARCH = YES;
				SDKROOT = iphoneos;
				SWIFT_ACTIVE_COMPILATION_CONDITIONS = DEBUG;
				SWIFT_OPTIMIZATION_LEVEL = "-Onone";
			};
			name = Debug;
		};
		A8FFE5F427C5530B0026A197 /* Release */ = {
			isa = XCBuildConfiguration;
			buildSettings = {
				ALWAYS_SEARCH_USER_PATHS = NO;
				CLANG_ANALYZER_NONNULL = YES;
				CLANG_ANALYZER_NUMBER_OBJECT_CONVERSION = YES_AGGRESSIVE;
				CLANG_CXX_LANGUAGE_STANDARD = "gnu++17";
				CLANG_CXX_LIBRARY = "libc++";
				CLANG_ENABLE_MODULES = YES;
				CLANG_ENABLE_OBJC_ARC = YES;
				CLANG_ENABLE_OBJC_WEAK = YES;
				CLANG_WARN_BLOCK_CAPTURE_AUTORELEASING = YES;
				CLANG_WARN_BOOL_CONVERSION = YES;
				CLANG_WARN_COMMA = YES;
				CLANG_WARN_CONSTANT_CONVERSION = YES;
				CLANG_WARN_DEPRECATED_OBJC_IMPLEMENTATIONS = YES;
				CLANG_WARN_DIRECT_OBJC_ISA_USAGE = YES_ERROR;
				CLANG_WARN_DOCUMENTATION_COMMENTS = YES;
				CLANG_WARN_EMPTY_BODY = YES;
				CLANG_WARN_ENUM_CONVERSION = YES;
				CLANG_WARN_INFINITE_RECURSION = YES;
				CLANG_WARN_INT_CONVERSION = YES;
				CLANG_WARN_NON_LITERAL_NULL_CONVERSION = YES;
				CLANG_WARN_OBJC_IMPLICIT_RETAIN_SELF = YES;
				CLANG_WARN_OBJC_LITERAL_CONVERSION = YES;
				CLANG_WARN_OBJC_ROOT_CLASS = YES_ERROR;
				CLANG_WARN_QUOTED_INCLUDE_IN_FRAMEWORK_HEADER = YES;
				CLANG_WARN_RANGE_LOOP_ANALYSIS = YES;
				CLANG_WARN_STRICT_PROTOTYPES = YES;
				CLANG_WARN_SUSPICIOUS_MOVE = YES;
				CLANG_WARN_UNGUARDED_AVAILABILITY = YES_AGGRESSIVE;
				CLANG_WARN_UNREACHABLE_CODE = YES;
				CLANG_WARN__DUPLICATE_METHOD_MATCH = YES;
				COPY_PHASE_STRIP = NO;
				DEBUG_INFORMATION_FORMAT = "dwarf-with-dsym";
				ENABLE_NS_ASSERTIONS = NO;
				ENABLE_STRICT_OBJC_MSGSEND = YES;
				GCC_C_LANGUAGE_STANDARD = gnu11;
				GCC_NO_COMMON_BLOCKS = YES;
				GCC_WARN_64_TO_32_BIT_CONVERSION = YES;
				GCC_WARN_ABOUT_RETURN_TYPE = YES_ERROR;
				GCC_WARN_UNDECLARED_SELECTOR = YES;
				GCC_WARN_UNINITIALIZED_AUTOS = YES_AGGRESSIVE;
				GCC_WARN_UNUSED_FUNCTION = YES;
				GCC_WARN_UNUSED_VARIABLE = YES;
				IPHONEOS_DEPLOYMENT_TARGET = 15.0;
				MTL_ENABLE_DEBUG_INFO = NO;
				MTL_FAST_MATH = YES;
				SDKROOT = iphoneos;
				SWIFT_COMPILATION_MODE = wholemodule;
				SWIFT_OPTIMIZATION_LEVEL = "-O";
				VALIDATE_PRODUCT = YES;
			};
			name = Release;
		};
		A8FFE5F627C5530B0026A197 /* Debug */ = {
			isa = XCBuildConfiguration;
			buildSettings = {
				ASSETCATALOG_COMPILER_APPICON_NAME = AppIcon;
				ASSETCATALOG_COMPILER_GLOBAL_ACCENT_COLOR_NAME = AccentColor;
				CODE_SIGN_STYLE = Automatic;
				CURRENT_PROJECT_VERSION = 1;
				GENERATE_INFOPLIST_FILE = YES;
				INFOPLIST_FILE = iOS/Info.plist;
				INFOPLIST_KEY_UIApplicationSupportsIndirectInputEvents = YES;
				INFOPLIST_KEY_UILaunchStoryboardName = LaunchScreen;
				INFOPLIST_KEY_UIMainStoryboardFile = Main;
				INFOPLIST_KEY_UISupportedInterfaceOrientations_iPad = "UIInterfaceOrientationPortrait UIInterfaceOrientationPortraitUpsideDown UIInterfaceOrientationLandscapeLeft UIInterfaceOrientationLandscapeRight";
				INFOPLIST_KEY_UISupportedInterfaceOrientations_iPhone = "UIInterfaceOrientationPortrait UIInterfaceOrientationLandscapeLeft UIInterfaceOrientationLandscapeRight";
				LD_RUNPATH_SEARCH_PATHS = (
					"$(inherited)",
					"@executable_path/Frameworks",
				);
				MARKETING_VERSION = 1.0;
				PRODUCT_BUNDLE_IDENTIFIER = Simform.iOS;
				PRODUCT_NAME = "$(TARGET_NAME)";
				SWIFT_EMIT_LOC_STRINGS = YES;
				SWIFT_VERSION = 5.0;
				TARGETED_DEVICE_FAMILY = "1,2";
			};
			name = Debug;
		};
		A8FFE5F727C5530B0026A197 /* Release */ = {
			isa = XCBuildConfiguration;
			buildSettings = {
				ASSETCATALOG_COMPILER_APPICON_NAME = AppIcon;
				ASSETCATALOG_COMPILER_GLOBAL_ACCENT_COLOR_NAME = AccentColor;
				CODE_SIGN_STYLE = Automatic;
				CURRENT_PROJECT_VERSION = 1;
				GENERATE_INFOPLIST_FILE = YES;
				INFOPLIST_FILE = iOS/Info.plist;
				INFOPLIST_KEY_UIApplicationSupportsIndirectInputEvents = YES;
				INFOPLIST_KEY_UILaunchStoryboardName = LaunchScreen;
				INFOPLIST_KEY_UIMainStoryboardFile = Main;
				INFOPLIST_KEY_UISupportedInterfaceOrientations_iPad = "UIInterfaceOrientationPortrait UIInterfaceOrientationPortraitUpsideDown UIInterfaceOrientationLandscapeLeft UIInterfaceOrientationLandscapeRight";
				INFOPLIST_KEY_UISupportedInterfaceOrientations_iPhone = "UIInterfaceOrientationPortrait UIInterfaceOrientationLandscapeLeft UIInterfaceOrientationLandscapeRight";
				LD_RUNPATH_SEARCH_PATHS = (
					"$(inherited)",
					"@executable_path/Frameworks",
				);
				MARKETING_VERSION = 1.0;
				PRODUCT_BUNDLE_IDENTIFIER = Simform.iOS;
				PRODUCT_NAME = "$(TARGET_NAME)";
				SWIFT_EMIT_LOC_STRINGS = YES;
				SWIFT_VERSION = 5.0;
				TARGETED_DEVICE_FAMILY = "1,2";
			};
			name = Release;
		};
		A8FFE5F927C5530B0026A197 /* Debug */ = {
			isa = XCBuildConfiguration;
			buildSettings = {
				ALWAYS_EMBED_SWIFT_STANDARD_LIBRARIES = YES;
				BUNDLE_LOADER = "$(TEST_HOST)";
				CODE_SIGN_STYLE = Automatic;
				CURRENT_PROJECT_VERSION = 1;
				GENERATE_INFOPLIST_FILE = YES;
				IPHONEOS_DEPLOYMENT_TARGET = 15.0;
				LD_RUNPATH_SEARCH_PATHS = (
					"$(inherited)",
					"@executable_path/Frameworks",
					"@loader_path/Frameworks",
				);
				MARKETING_VERSION = 1.0;
				PRODUCT_BUNDLE_IDENTIFIER = Simform.iOSTests;
				PRODUCT_NAME = "$(TARGET_NAME)";
				SWIFT_EMIT_LOC_STRINGS = NO;
				SWIFT_VERSION = 5.0;
				TARGETED_DEVICE_FAMILY = "1,2";
				TEST_HOST = "$(BUILT_PRODUCTS_DIR)/iOS.app/iOS";
			};
			name = Debug;
		};
		A8FFE5FA27C5530B0026A197 /* Release */ = {
			isa = XCBuildConfiguration;
			buildSettings = {
				ALWAYS_EMBED_SWIFT_STANDARD_LIBRARIES = YES;
				BUNDLE_LOADER = "$(TEST_HOST)";
				CODE_SIGN_STYLE = Automatic;
				CURRENT_PROJECT_VERSION = 1;
				GENERATE_INFOPLIST_FILE = YES;
				IPHONEOS_DEPLOYMENT_TARGET = 15.0;
				LD_RUNPATH_SEARCH_PATHS = (
					"$(inherited)",
					"@executable_path/Frameworks",
					"@loader_path/Frameworks",
				);
				MARKETING_VERSION = 1.0;
				PRODUCT_BUNDLE_IDENTIFIER = Simform.iOSTests;
				PRODUCT_NAME = "$(TARGET_NAME)";
				SWIFT_EMIT_LOC_STRINGS = NO;
				SWIFT_VERSION = 5.0;
				TARGETED_DEVICE_FAMILY = "1,2";
				TEST_HOST = "$(BUILT_PRODUCTS_DIR)/iOS.app/iOS";
			};
			name = Release;
		};
		A8FFE5FC27C5530B0026A197 /* Debug */ = {
			isa = XCBuildConfiguration;
			buildSettings = {
				ALWAYS_EMBED_SWIFT_STANDARD_LIBRARIES = YES;
				CODE_SIGN_STYLE = Automatic;
				CURRENT_PROJECT_VERSION = 1;
				GENERATE_INFOPLIST_FILE = YES;
				LD_RUNPATH_SEARCH_PATHS = (
					"$(inherited)",
					"@executable_path/Frameworks",
					"@loader_path/Frameworks",
				);
				MARKETING_VERSION = 1.0;
				PRODUCT_BUNDLE_IDENTIFIER = Simform.iOSUITests;
				PRODUCT_NAME = "$(TARGET_NAME)";
				SWIFT_EMIT_LOC_STRINGS = NO;
				SWIFT_VERSION = 5.0;
				TARGETED_DEVICE_FAMILY = "1,2";
				TEST_TARGET_NAME = iOS;
			};
			name = Debug;
		};
		A8FFE5FD27C5530B0026A197 /* Release */ = {
			isa = XCBuildConfiguration;
			buildSettings = {
				ALWAYS_EMBED_SWIFT_STANDARD_LIBRARIES = YES;
				CODE_SIGN_STYLE = Automatic;
				CURRENT_PROJECT_VERSION = 1;
				GENERATE_INFOPLIST_FILE = YES;
				LD_RUNPATH_SEARCH_PATHS = (
					"$(inherited)",
					"@executable_path/Frameworks",
					"@loader_path/Frameworks",
				);
				MARKETING_VERSION = 1.0;
				PRODUCT_BUNDLE_IDENTIFIER = Simform.iOSUITests;
				PRODUCT_NAME = "$(TARGET_NAME)";
				SWIFT_EMIT_LOC_STRINGS = NO;
				SWIFT_VERSION = 5.0;
				TARGETED_DEVICE_FAMILY = "1,2";
				TEST_TARGET_NAME = iOS;
			};
			name = Release;
		};
/* End XCBuildConfiguration section */

/* Begin XCConfigurationList section */
		A8FFE5C627C5530A0026A197 /* Build configuration list for PBXProject "iOS" */ = {
			isa = XCConfigurationList;
			buildConfigurations = (
				A8FFE5F327C5530B0026A197 /* Debug */,
				A8FFE5F427C5530B0026A197 /* Release */,
			);
			defaultConfigurationIsVisible = 0;
			defaultConfigurationName = Release;
		};
		A8FFE5F527C5530B0026A197 /* Build configuration list for PBXNativeTarget "iOS" */ = {
			isa = XCConfigurationList;
			buildConfigurations = (
				A8FFE5F627C5530B0026A197 /* Debug */,
				A8FFE5F727C5530B0026A197 /* Release */,
			);
			defaultConfigurationIsVisible = 0;
			defaultConfigurationName = Release;
		};
		A8FFE5F827C5530B0026A197 /* Build configuration list for PBXNativeTarget "iOSTests" */ = {
			isa = XCConfigurationList;
			buildConfigurations = (
				A8FFE5F927C5530B0026A197 /* Debug */,
				A8FFE5FA27C5530B0026A197 /* Release */,
			);
			defaultConfigurationIsVisible = 0;
			defaultConfigurationName = Release;
		};
		A8FFE5FB27C5530B0026A197 /* Build configuration list for PBXNativeTarget "iOSUITests" */ = {
			isa = XCConfigurationList;
			buildConfigurations = (
				A8FFE5FC27C5530B0026A197 /* Debug */,
				A8FFE5FD27C5530B0026A197 /* Release */,
			);
			defaultConfigurationIsVisible = 0;
			defaultConfigurationName = Release;
		};
/* End XCConfigurationList section */
	};
	rootObject = A8FFE5C327C5530A0026A197 /* Project object */;
}
